<?xml version="1.0" encoding="utf-8"?>
<Project ToolsVersion="4.0" xmlns="http://schemas.microsoft.com/developer/msbuild/2003">
  <ItemGroup>
    <Filter Include="Source Files">
      <UniqueIdentifier>{4FC737F1-C7A5-4376-A066-2A32D752A2FF}</UniqueIdentifier>
      <Extensions>cpp;c;cc;cxx;def;odl;idl;hpj;bat;asm;asmx</Extensions>
    </Filter>
    <Filter Include="Header Files">
      <UniqueIdentifier>{93995380-89BD-4b04-88EB-625FBE52EBFB}</UniqueIdentifier>
      <Extensions>h;hh;hpp;hxx;hm;inl;inc;xsd</Extensions>
    </Filter>
    <Filter Include="Resource Files">
      <UniqueIdentifier>{67DA6AB6-F800-4c08-8B7A-83BB121AAD01}</UniqueIdentifier>
      <Extensions>rc;ico;cur;bmp;dlg;rc2;rct;bin;rgs;gif;jpg;jpeg;jpe;resx;tiff;tif;png;wav;mfcribbon-ms</Extensions>
    </Filter>
    <Filter Include="Header Files\core">
      <UniqueIdentifier>{61f46649-6cfc-41be-a48e-bc1ca9eacdec}</UniqueIdentifier>
    </Filter>
    <Filter Include="Source Files\core">
      <UniqueIdentifier>{d6c229ab-ecab-4540-9656-b550419eb073}</UniqueIdentifier>
    </Filter>
    <Filter Include="Header Files\collection">
      <UniqueIdentifier>{d1fab1bf-b32f-437a-8215-f9f7e824a61e}</UniqueIdentifier>
    </Filter>
    <Filter Include="Source Files\collection">
      <UniqueIdentifier>{f3307e97-6d70-48a6-9237-8f80373be84e}</UniqueIdentifier>
    </Filter>
    <Filter Include="Header Files\resource">
      <UniqueIdentifier>{427e1973-185c-4785-9390-9367c18ac5e0}</UniqueIdentifier>
    </Filter>
    <Filter Include="Source Files\resource">
      <UniqueIdentifier>{6798cc47-76f5-4ea3-8b92-9759765f740c}</UniqueIdentifier>
    </Filter>
    <Filter Include="Header Files\memory">
      <UniqueIdentifier>{8bec4ee9-f2b2-4274-9df3-55889f19e576}</UniqueIdentifier>
    </Filter>
    <Filter Include="Header Files\parallel">
      <UniqueIdentifier>{c3f6e447-8f3d-4c2e-bc4b-aab080a50a2a}</UniqueIdentifier>
    </Filter>
    <Filter Include="Header Files\math">
      <UniqueIdentifier>{b866cf2d-cb32-483b-991a-692ac79b84fe}</UniqueIdentifier>
    </Filter>
    <Filter Include="Source Files\memory">
      <UniqueIdentifier>{23e776ee-55d6-4f1d-94eb-a7b7aa31f69a}</UniqueIdentifier>
    </Filter>
    <Filter Include="Source Files\math">
      <UniqueIdentifier>{aa14e768-76c8-40dc-a2b9-7ad8cb9db478}</UniqueIdentifier>
    </Filter>
    <Filter Include="Source Files\parallel">
      <UniqueIdentifier>{23b667d5-379d-444b-8454-b21d92f99a67}</UniqueIdentifier>
    </Filter>
    <Filter Include="Header Files\log">
      <UniqueIdentifier>{c7374162-a25a-4c28-8475-0b93646cf99c}</UniqueIdentifier>
    </Filter>
    <Filter Include="Source Files\log">
      <UniqueIdentifier>{dbb452e9-4d9e-4ce3-9101-98b8782a0759}</UniqueIdentifier>
    </Filter>
    <Filter Include="Header Files\ui">
      <UniqueIdentifier>{2a0b5ae7-b166-489a-833f-d777c57e9f13}</UniqueIdentifier>
    </Filter>
  </ItemGroup>
  <ItemGroup>
    <ClInclude Include="..\core\targetver.h">
      <Filter>Header Files\core</Filter>
    </ClInclude>
    <ClInclude Include="..\core\stdafx.h">
      <Filter>Header Files\core</Filter>
    </ClInclude>
    <ClInclude Include="..\core\engine.hpp">
      <Filter>Header Files\core</Filter>
    </ClInclude>
    <ClInclude Include="..\collection\linkedlist.hpp">
      <Filter>Header Files\collection</Filter>
    </ClInclude>
    <ClInclude Include="..\resource\resource.hpp">
      <Filter>Header Files\resource</Filter>
    </ClInclude>
    <ClInclude Include="..\resource\resource_manager.hpp">
      <Filter>Header Files\resource</Filter>
    </ClInclude>
    <ClInclude Include="..\memory\reference.hpp">
      <Filter>Header Files\memory</Filter>
    </ClInclude>
    <ClInclude Include="..\memory\allocation.hpp">
      <Filter>Header Files\memory</Filter>
    </ClInclude>
    <ClInclude Include="..\memory\arena.hpp">
      <Filter>Header Files\memory</Filter>
    </ClInclude>
    <ClInclude Include="..\parallel\atomic.hpp">
      <Filter>Header Files\parallel</Filter>
    </ClInclude>
    <ClInclude Include="..\memory\memory.hpp">
      <Filter>Header Files\memory</Filter>
    </ClInclude>
    <ClInclude Include="..\parallel\parallel.hpp">
      <Filter>Header Files\parallel</Filter>
    </ClInclude>
    <ClInclude Include="..\collection\collection.hpp">
      <Filter>Header Files\collection</Filter>
    </ClInclude>
    <ClInclude Include="..\parallel\task.hpp">
      <Filter>Header Files\parallel</Filter>
    </ClInclude>
    <ClInclude Include="..\log\debug.hpp">
      <Filter>Header Files\log</Filter>
    </ClInclude>
    <ClInclude Include="..\log\error.hpp">
      <Filter>Header Files\log</Filter>
    </ClInclude>
    <ClInclude Include="..\log\log.hpp">
      <Filter>Header Files\log</Filter>
    </ClInclude>
    <ClInclude Include="..\log\progressreporter.hpp">
      <Filter>Header Files\log</Filter>
    </ClInclude>
    <ClInclude Include="..\log\timer.hpp">
      <Filter>Header Files\log</Filter>
    </ClInclude>
    <ClInclude Include="..\parallel\lock.hpp">
      <Filter>Header Files\parallel</Filter>
    </ClInclude>
    <ClInclude Include="..\math\geometry.hpp">
      <Filter>Header Files\math</Filter>
    </ClInclude>
    <ClInclude Include="..\math\math.hpp">
      <Filter>Header Files\math</Filter>
    </ClInclude>
  </ItemGroup>
  <ItemGroup>
    <ClCompile Include="..\core\engine.cpp">
      <Filter>Source Files\core</Filter>
    </ClCompile>
    <ClCompile Include="..\core\stdafx.cpp">
      <Filter>Source Files\core</Filter>
    </ClCompile>
    <ClCompile Include="..\log\error.cpp">
      <Filter>Source Files\log</Filter>
    </ClCompile>
    <ClCompile Include="..\log\progressreporter.cpp">
      <Filter>Source Files\log</Filter>
    </ClCompile>
    <ClCompile Include="..\log\timer.cpp">
      <Filter>Source Files\log</Filter>
    </ClCompile>
    <ClCompile Include="..\parallel\lock.cpp">
      <Filter>Source Files\parallel</Filter>
    </ClCompile>
    <ClCompile Include="..\parallel\task.cpp">
      <Filter>Source Files\parallel</Filter>
    </ClCompile>
    <ClCompile Include="..\resource\resource_manager.cpp">
      <Filter>Source Files\resource</Filter>
    </ClCompile>
  </ItemGroup>
</Project>