<?xml version="1.0" encoding="utf-8"?>
<Project ToolsVersion="4.0" xmlns="http://schemas.microsoft.com/developer/msbuild/2003">
  <ItemGroup>
    <Filter Include="Source Files">
      <UniqueIdentifier>{4FC737F1-C7A5-4376-A066-2A32D752A2FF}</UniqueIdentifier>
      <Extensions>cpp;c;cc;cxx;def;odl;idl;hpj;bat;asm;asmx</Extensions>
    </Filter>
    <Filter Include="Header Files">
      <UniqueIdentifier>{93995380-89BD-4b04-88EB-625FBE52EBFB}</UniqueIdentifier>
      <Extensions>h;hh;hpp;tpp;hxx;hm;inl;inc;xsd</Extensions>
    </Filter>
    <Filter Include="Header Files\meta">
      <UniqueIdentifier>{742b677b-6265-45a9-8a7c-708bc7344b39}</UniqueIdentifier>
    </Filter>
    <Filter Include="Header Files\scene">
      <UniqueIdentifier>{325c452a-f6e9-48bd-be4e-96c06e675c72}</UniqueIdentifier>
    </Filter>
    <Filter Include="Source Files\meta">
      <UniqueIdentifier>{de40a748-aeb7-4883-8638-a6bfa3472d0a}</UniqueIdentifier>
    </Filter>
    <Filter Include="Source Files\scene">
      <UniqueIdentifier>{0a9832e7-430f-4054-8b4a-ceb2865634b6}</UniqueIdentifier>
    </Filter>
  </ItemGroup>
  <ItemGroup>
    <ClInclude Include="Core\src\scene\component.hpp">
      <Filter>Header Files\scene</Filter>
    </ClInclude>
    <ClInclude Include="Core\src\scene\node.hpp">
      <Filter>Header Files\scene</Filter>
    </ClInclude>
	<ClInclude Include="Core\src\scene\scene_utils.hpp">
      <Filter>Header Files\scene</Filter>
    </ClInclude>
    <ClInclude Include="Core\src\scene\state.hpp">
      <Filter>Header Files\scene</Filter>
    </ClInclude>
    <ClInclude Include="Core\src\meta\targetver.hpp">
      <Filter>Header Files\meta</Filter>
    </ClInclude>
    <ClInclude Include="Core\src\scene\transform.hpp">
      <Filter>Header Files\scene</Filter>
    </ClInclude>
    <ClInclude Include="Core\src\meta\version.hpp">
      <Filter>Header Files\meta</Filter>
    </ClInclude>
  </ItemGroup>
  <ItemGroup>
    <ClCompile Include="Core\src\scene\component.cpp">
      <Filter>Source Files\scene</Filter>
    </ClCompile>
    <ClCompile Include="Core\src\scene\node.cpp">
      <Filter>Source Files\scene</Filter>
    </ClCompile>
    <ClCompile Include="Core\src\scene\transform.cpp">
      <Filter>Source Files\scene</Filter>
    </ClCompile>
    <ClCompile Include="Core\src\meta\version.cpp">
      <Filter>Source Files\meta</Filter>
    </ClCompile>
  </ItemGroup>
  <ItemGroup>
    <None Include="Core\src\scene\node.tpp">
      <Filter>Header Files\scene</Filter>
    </None>
    <None Include="Core\src\scene\scene_utils.tpp">
      <Filter>Header Files\scene</Filter>
    </None>
  </ItemGroup>
</Project>