<?xml version="1.0" encoding="utf-8"?>
<Project ToolsVersion="4.0" xmlns="http://schemas.microsoft.com/developer/msbuild/2003">
  <ItemGroup>
    <Filter Include="Source Files">
      <UniqueIdentifier>{4FC737F1-C7A5-4376-A066-2A32D752A2FF}</UniqueIdentifier>
      <Extensions>cpp;c;cc;cxx;def;odl;idl;hpj;bat;asm;asmx</Extensions>
    </Filter>
    <Filter Include="Header Files">
      <UniqueIdentifier>{93995380-89BD-4b04-88EB-625FBE52EBFB}</UniqueIdentifier>
      <Extensions>h;hh;hpp;tpp;hxx;hm;inl;inc;xsd</Extensions>
    </Filter>
    <Filter Include="Resource Files">
      <UniqueIdentifier>{67DA6AB6-F800-4c08-8B7A-83BB121AAD01}</UniqueIdentifier>
      <Extensions>rc;ico;cur;bmp;dlg;rc2;rct;bin;rgs;gif;jpg;jpeg;jpe;resx;tiff;tif;png;wav;mfcribbon-ms</Extensions>
    </Filter>
    <Filter Include="Source Files\samples">
      <UniqueIdentifier>{a95e90a0-5333-4e3f-9de3-ecfef6b7a5c2}</UniqueIdentifier>
    </Filter>
    <Filter Include="Header Files\samples">
      <UniqueIdentifier>{a8c28b38-e91e-499e-b390-210d09da2877}</UniqueIdentifier>
    </Filter>
    <Filter Include="Header Files\samples\brdf">
      <UniqueIdentifier>{4755a350-3d6f-4cb2-880f-a4e7385d9bee}</UniqueIdentifier>
    </Filter>
    <Filter Include="Source Files\samples\brdf">
      <UniqueIdentifier>{7a8bd02a-6365-4b68-bc27-593e0a9e7417}</UniqueIdentifier>
    </Filter>
    <Filter Include="Header Files\samples\forrest">
      <UniqueIdentifier>{dbd4511f-75be-4eb2-a08c-eedc2291a221}</UniqueIdentifier>
    </Filter>
    <Filter Include="Source Files\samples\forrest">
      <UniqueIdentifier>{351ff443-63e9-4e76-96ed-dc35427bf601}</UniqueIdentifier>
    </Filter>
    <Filter Include="Header Files\samples\sibenik">
      <UniqueIdentifier>{2c9241c6-8d24-4b5a-aed6-b81df04428d5}</UniqueIdentifier>
    </Filter>
    <Filter Include="Source Files\samples\sibenik">
      <UniqueIdentifier>{a74efed7-c665-40c4-96bc-0b82061775c3}</UniqueIdentifier>
    </Filter>
    <Filter Include="Header Files\samples\sponza">
      <UniqueIdentifier>{a180cf3d-be88-47aa-8622-47ca35826abc}</UniqueIdentifier>
    </Filter>
    <Filter Include="Source Files\samples\sponza">
      <UniqueIdentifier>{54c7e7c4-a116-42ff-981b-b28d5f2fd992}</UniqueIdentifier>
    </Filter>
  </ItemGroup>
  <ItemGroup>
    <ClInclude Include="Demo\src\samples\brdf\brdf_scene.hpp">
      <Filter>Header Files\samples\brdf</Filter>
    </ClInclude>
    <ClInclude Include="Demo\src\samples\forrest\forrest_scene.hpp">
      <Filter>Header Files\samples\forrest</Filter>
    </ClInclude>
    <ClInclude Include="Demo\src\samples\sibenik\sibenik_scene.hpp">
      <Filter>Header Files\samples\sibenik</Filter>
    </ClInclude>
    <ClInclude Include="Demo\src\samples\sponza\sponza_scene.hpp">
      <Filter>Header Files\samples\sponza</Filter>
    </ClInclude>
  </ItemGroup>
  <ItemGroup>
    <ClCompile Include="Demo\src\samples\brdf\brdf_scene.cpp">
      <Filter>Source Files\samples\brdf</Filter>
    </ClCompile>
    <ClCompile Include="Demo\src\samples\forrest\forrest_scene.cpp">
      <Filter>Source Files\samples\forrest</Filter>
    </ClCompile>
    <ClCompile Include="Demo\src\samples\sibenik\sibenik_scene.cpp">
      <Filter>Source Files\samples\sibenik</Filter>
    </ClCompile>
    <ClCompile Include="Demo\src\samples\sponza\sponza_scene.cpp">
      <Filter>Source Files\samples\sponza</Filter>
    </ClCompile>
    <ClCompile Include="Demo\src\demo.cpp">
      <Filter>Source Files</Filter>
    </ClCompile>
  </ItemGroup>
  <ItemGroup>
    <Image Include="Core\res\mage.ico">
      <Filter>Resource Files</Filter>
    </Image>
  </ItemGroup>
  <ItemGroup>
    <ResourceCompile Include="Core\res\engine_settings.rc">
      <Filter>Resource Files</Filter>
    </ResourceCompile>
    <ResourceCompile Include="Rendering\src\display\display_settings.rc">
      <Filter>Resource Files</Filter>
    </ResourceCompile>
  </ItemGroup>
</Project>