<?xml version="1.0" encoding="utf-8"?>
<Project ToolsVersion="4.0" xmlns="http://schemas.microsoft.com/developer/msbuild/2003">
  <ItemGroup>
    <Filter Include="Source Files">
      <UniqueIdentifier>{4FC737F1-C7A5-4376-A066-2A32D752A2FF}</UniqueIdentifier>
      <Extensions>cpp;c;cc;cxx;def;odl;idl;hpj;bat;asm;asmx</Extensions>
    </Filter>
    <Filter Include="Header Files">
      <UniqueIdentifier>{93995380-89BD-4b04-88EB-625FBE52EBFB}</UniqueIdentifier>
      <Extensions>h;hh;hpp;tpp;hxx;hm;inl;inc;ipp;xsd</Extensions>
    </Filter>
    <Filter Include="Header Files\directxtex">
      <UniqueIdentifier>{01b99cc8-93fb-4d45-b995-62278ad0d2e9}</UniqueIdentifier>
    </Filter>
    <Filter Include="Source Files\directxtex">
      <UniqueIdentifier>{0a160e43-2155-482c-8718-33dc4741033b}</UniqueIdentifier>
    </Filter>
  </ItemGroup>
  <ItemGroup>
    <ClInclude Include="DirectXTex\src\directxtex\DDSTextureLoader.h">
      <Filter>Header Files\directxtex</Filter>
    </ClInclude>
    <ClInclude Include="DirectXTex\src\directxtex\ScreenGrab.h">
      <Filter>Header Files\directxtex</Filter>
    </ClInclude>
    <ClInclude Include="DirectXTex\src\directxtex\WICTextureLoader.h">
      <Filter>Header Files\directxtex</Filter>
    </ClInclude>
  </ItemGroup>
  <ItemGroup>
    <ClCompile Include="DirectXTex\src\directxtex\DDSTextureLoader.cpp">
      <Filter>Source Files\directxtex</Filter>
    </ClCompile>
    <ClCompile Include="DirectXTex\src\directxtex\ScreenGrab.cpp">
      <Filter>Source Files\directxtex</Filter>
    </ClCompile>
    <ClCompile Include="DirectXTex\src\directxtex\WICTextureLoader.cpp">
      <Filter>Source Files\directxtex</Filter>
    </ClCompile>
  </ItemGroup>
</Project>