<?xml version="1.0" encoding="utf-8"?>
<Project ToolsVersion="4.0" xmlns="http://schemas.microsoft.com/developer/msbuild/2003">
  <ItemGroup>
    <Filter Include="Source Files">
      <UniqueIdentifier>{4FC737F1-C7A5-4376-A066-2A32D752A2FF}</UniqueIdentifier>
      <Extensions>cpp;c;cc;cxx;def;odl;idl;hpj;bat;asm;asmx</Extensions>
    </Filter>
    <Filter Include="Header Files">
      <UniqueIdentifier>{93995380-89BD-4b04-88EB-625FBE52EBFB}</UniqueIdentifier>
      <Extensions>h;hh;hpp;hxx;hm;inl;inc;xsd;tpp</Extensions>
    </Filter>
    <Filter Include="Resource Files">
      <UniqueIdentifier>{67DA6AB6-F800-4c08-8B7A-83BB121AAD01}</UniqueIdentifier>
      <Extensions>rc;ico;cur;bmp;dlg;rc2;rct;bin;rgs;gif;jpg;jpeg;jpe;resx;tiff;tif;png;wav;mfcribbon-ms</Extensions>
    </Filter>
    <Filter Include="Header Files\core">
      <UniqueIdentifier>{f8cf1dd3-2fd6-47c1-b51d-9917dec9f07e}</UniqueIdentifier>
    </Filter>
    <Filter Include="Source Files\core">
      <UniqueIdentifier>{82143448-34ad-461b-aa5d-fc44c75fcf0c}</UniqueIdentifier>
    </Filter>
    <Filter Include="Header Files\samples">
      <UniqueIdentifier>{a56dd8e1-be04-41a9-a119-048a9959870c}</UniqueIdentifier>
    </Filter>
    <Filter Include="Source Files\samples">
      <UniqueIdentifier>{773de8a1-ffda-4975-ac12-ee957f5c765a}</UniqueIdentifier>
    </Filter>
    <Filter Include="Header Files\samples\brdf">
      <UniqueIdentifier>{559eafa1-baf4-47b9-9525-671e6224850d}</UniqueIdentifier>
    </Filter>
    <Filter Include="Source Files\samples\brdf">
      <UniqueIdentifier>{e4573e60-97e8-4ae1-a685-eedc6f82e96e}</UniqueIdentifier>
    </Filter>
    <Filter Include="Header Files\samples\sponza">
      <UniqueIdentifier>{a33e71ef-aef1-4b5b-a6d9-188d14a92180}</UniqueIdentifier>
    </Filter>
    <Filter Include="Source Files\samples\sponza">
      <UniqueIdentifier>{afef0845-e1e1-4e34-ac22-81e5cfb059d9}</UniqueIdentifier>
    </Filter>
    <Filter Include="Header Files\script">
      <UniqueIdentifier>{5a9a9a77-842b-4c70-ac2c-cfb1c5b8321f}</UniqueIdentifier>
    </Filter>
    <Filter Include="Source Files\script">
      <UniqueIdentifier>{fb5ffef0-8a4f-464e-95a4-df5c8255c414}</UniqueIdentifier>
    </Filter>
  </ItemGroup>
  <ItemGroup>
    <ClInclude Include="FPS\src\core\targetver.hpp">
      <Filter>Header Files\core</Filter>
    </ClInclude>
    <ClInclude Include="FPS\src\samples\brdf\brdf_scene.hpp">
      <Filter>Header Files\samples\brdf</Filter>
    </ClInclude>
    <ClInclude Include="FPS\src\samples\brdf\brdf_script.hpp">
      <Filter>Header Files\samples\brdf</Filter>
    </ClInclude>
    <ClInclude Include="FPS\src\samples\sponza\sponza_scene.hpp">
      <Filter>Header Files\samples\sponza</Filter>
    </ClInclude>
    <ClInclude Include="FPS\src\script\rotation_script.hpp">
      <Filter>Header Files\script</Filter>
    </ClInclude>
  </ItemGroup>
  <ItemGroup>
    <ClCompile Include="FPS\src\core\FPS.cpp">
      <Filter>Source Files\core</Filter>
    </ClCompile>
    <ClCompile Include="FPS\src\samples\brdf\brdf_scene.cpp">
      <Filter>Source Files\samples\brdf</Filter>
    </ClCompile>
    <ClCompile Include="FPS\src\samples\brdf\brdf_script.cpp">
      <Filter>Source Files\samples\brdf</Filter>
    </ClCompile>
    <ClCompile Include="FPS\src\samples\sponza\sponza_scene.cpp">
      <Filter>Source Files\samples\sponza</Filter>
    </ClCompile>
    <ClCompile Include="FPS\src\script\rotation_script.cpp">
      <Filter>Source Files\script</Filter>
    </ClCompile>
  </ItemGroup>
  <ItemGroup>
    <ResourceCompile Include="MAGE\res\engine_settings.rc">
      <Filter>Resource Files</Filter>
    </ResourceCompile>
    <ResourceCompile Include="MAGE\res\display_settings.rc">
      <Filter>Resource Files</Filter>
    </ResourceCompile>
  </ItemGroup>
  <ItemGroup>
    <Image Include="MAGE\res\mage.ico">
      <Filter>Resource Files</Filter>
    </Image>
  </ItemGroup>
</Project>