<?xml version="1.0" encoding="utf-8"?>
<Project ToolsVersion="4.0" xmlns="http://schemas.microsoft.com/developer/msbuild/2003">
  <ItemGroup>
    <Filter Include="Source Files">
      <UniqueIdentifier>{4FC737F1-C7A5-4376-A066-2A32D752A2FF}</UniqueIdentifier>
      <Extensions>cpp;c;cc;cxx;def;odl;idl;hpj;bat;asm;asmx</Extensions>
    </Filter>
    <Filter Include="Header Files">
      <UniqueIdentifier>{93995380-89BD-4b04-88EB-625FBE52EBFB}</UniqueIdentifier>
      <Extensions>h;hh;hpp;hxx;hm;inl;inc;xsd</Extensions>
    </Filter>
    <Filter Include="Resource Files">
      <UniqueIdentifier>{67DA6AB6-F800-4c08-8B7A-83BB121AAD01}</UniqueIdentifier>
      <Extensions>rc;ico;cur;bmp;dlg;rc2;rct;bin;rgs;gif;jpg;jpeg;jpe;resx;tiff;tif;png;wav;mfcribbon-ms</Extensions>
    </Filter>
    <Filter Include="Header Files\core">
      <UniqueIdentifier>{61f46649-6cfc-41be-a48e-bc1ca9eacdec}</UniqueIdentifier>
    </Filter>
    <Filter Include="Source Files\core">
      <UniqueIdentifier>{d6c229ab-ecab-4540-9656-b550419eb073}</UniqueIdentifier>
    </Filter>
    <Filter Include="Header Files\collection">
      <UniqueIdentifier>{d1fab1bf-b32f-437a-8215-f9f7e824a61e}</UniqueIdentifier>
    </Filter>
    <Filter Include="Source Files\collection">
      <UniqueIdentifier>{f3307e97-6d70-48a6-9237-8f80373be84e}</UniqueIdentifier>
    </Filter>
    <Filter Include="Header Files\resource">
      <UniqueIdentifier>{427e1973-185c-4785-9390-9367c18ac5e0}</UniqueIdentifier>
    </Filter>
    <Filter Include="Source Files\resource">
      <UniqueIdentifier>{6798cc47-76f5-4ea3-8b92-9759765f740c}</UniqueIdentifier>
    </Filter>
    <Filter Include="Header Files\memory">
      <UniqueIdentifier>{8bec4ee9-f2b2-4274-9df3-55889f19e576}</UniqueIdentifier>
    </Filter>
    <Filter Include="Header Files\parallel">
      <UniqueIdentifier>{c3f6e447-8f3d-4c2e-bc4b-aab080a50a2a}</UniqueIdentifier>
    </Filter>
    <Filter Include="Header Files\math">
      <UniqueIdentifier>{b866cf2d-cb32-483b-991a-692ac79b84fe}</UniqueIdentifier>
    </Filter>
    <Filter Include="Source Files\memory">
      <UniqueIdentifier>{23e776ee-55d6-4f1d-94eb-a7b7aa31f69a}</UniqueIdentifier>
    </Filter>
    <Filter Include="Source Files\math">
      <UniqueIdentifier>{aa14e768-76c8-40dc-a2b9-7ad8cb9db478}</UniqueIdentifier>
    </Filter>
    <Filter Include="Source Files\parallel">
      <UniqueIdentifier>{23b667d5-379d-444b-8454-b21d92f99a67}</UniqueIdentifier>
    </Filter>
    <Filter Include="Header Files\state">
      <UniqueIdentifier>{8463f1af-bd9e-4155-89f6-bb804a124c73}</UniqueIdentifier>
    </Filter>
    <Filter Include="Header Files\io">
      <UniqueIdentifier>{1b2b46df-06c6-4e3b-8350-fc302748c1ec}</UniqueIdentifier>
    </Filter>
    <Filter Include="Source Files\io">
      <UniqueIdentifier>{69116e59-6b9a-45ff-a6eb-6e13ba704792}</UniqueIdentifier>
    </Filter>
    <Filter Include="Source Files\state">
      <UniqueIdentifier>{ab57d5b4-8579-496c-99fb-5dce1fd22c5d}</UniqueIdentifier>
    </Filter>
    <Filter Include="Header Files\scripting">
      <UniqueIdentifier>{68931a48-3a4b-48e3-a677-68dcc03f1e88}</UniqueIdentifier>
    </Filter>
    <Filter Include="Source Files\scripting">
      <UniqueIdentifier>{69b1cee0-5512-4d9b-ab9a-f0dbb346243b}</UniqueIdentifier>
    </Filter>
    <Filter Include="Source Files\logging">
      <UniqueIdentifier>{dbb452e9-4d9e-4ce3-9101-98b8782a0759}</UniqueIdentifier>
    </Filter>
    <Filter Include="Header Files\logging">
      <UniqueIdentifier>{c7374162-a25a-4c28-8475-0b93646cf99c}</UniqueIdentifier>
    </Filter>
    <Filter Include="Header Files\audio">
      <UniqueIdentifier>{3fdca1b6-4e59-4647-8814-e6734006153d}</UniqueIdentifier>
    </Filter>
    <Filter Include="Source Files\audio">
      <UniqueIdentifier>{5c32b662-7cdd-47d5-b8bd-922c290b9e5c}</UniqueIdentifier>
    </Filter>
  </ItemGroup>
  <ItemGroup>
    <ClInclude Include="MAGE\src\collection\collection.hpp">
      <Filter>Header Files\collection</Filter>
    </ClInclude>
    <ClInclude Include="MAGE\src\core\targetver.h">
      <Filter>Header Files\core</Filter>
    </ClInclude>
    <ClInclude Include="MAGE\src\core\engine.hpp">
      <Filter>Header Files\core</Filter>
    </ClInclude>
    <ClInclude Include="MAGE\src\math\geometry.hpp">
      <Filter>Header Files\math</Filter>
    </ClInclude>
    <ClInclude Include="MAGE\src\math\math.hpp">
      <Filter>Header Files\math</Filter>
    </ClInclude>
    <ClInclude Include="MAGE\src\memory\allocation.hpp">
      <Filter>Header Files\memory</Filter>
    </ClInclude>
    <ClInclude Include="MAGE\src\memory\arena.hpp">
      <Filter>Header Files\memory</Filter>
    </ClInclude>
    <ClInclude Include="MAGE\src\memory\memory.hpp">
      <Filter>Header Files\memory</Filter>
    </ClInclude>
    <ClInclude Include="MAGE\src\parallel\task.hpp">
      <Filter>Header Files\parallel</Filter>
    </ClInclude>
    <ClInclude Include="MAGE\src\parallel\atomic.hpp">
      <Filter>Header Files\parallel</Filter>
    </ClInclude>
    <ClInclude Include="MAGE\src\parallel\lock.hpp">
      <Filter>Header Files\parallel</Filter>
    </ClInclude>
    <ClInclude Include="MAGE\src\parallel\parallel.hpp">
      <Filter>Header Files\parallel</Filter>
    </ClInclude>
    <ClInclude Include="MAGE\src\resource\resource.hpp">
      <Filter>Header Files\resource</Filter>
    </ClInclude>
    <ClInclude Include="MAGE\src\resource\resource_manager.hpp">
      <Filter>Header Files\resource</Filter>
    </ClInclude>
    <ClInclude Include="MAGE\src\core\version.hpp">
      <Filter>Header Files\core</Filter>
    </ClInclude>
    <ClInclude Include="MAGE\src\state\state.hpp">
      <Filter>Header Files\state</Filter>
    </ClInclude>
    <ClInclude Include="MAGE\src\io\io.hpp">
      <Filter>Header Files\io</Filter>
    </ClInclude>
    <ClInclude Include="MAGE\src\io\input.hpp">
      <Filter>Header Files\io</Filter>
    </ClInclude>
    <ClInclude Include="MAGE\src\state\state_manager.hpp">
      <Filter>Header Files\state</Filter>
    </ClInclude>
    <ClInclude Include="MAGE\src\scripting\scripting.hpp">
      <Filter>Header Files\scripting</Filter>
    </ClInclude>
    <ClInclude Include="MAGE\src\scripting\variable.hpp">
      <Filter>Header Files\scripting</Filter>
    </ClInclude>
    <ClInclude Include="MAGE\src\logging\debug.hpp">
      <Filter>Header Files\logging</Filter>
    </ClInclude>
    <ClInclude Include="MAGE\src\logging\error.hpp">
      <Filter>Header Files\logging</Filter>
    </ClInclude>
    <ClInclude Include="MAGE\src\logging\logging.hpp">
      <Filter>Header Files\logging</Filter>
    </ClInclude>
    <ClInclude Include="MAGE\src\logging\progressreporter.hpp">
      <Filter>Header Files\logging</Filter>
    </ClInclude>
    <ClInclude Include="MAGE\src\logging\timer.hpp">
      <Filter>Header Files\logging</Filter>
    </ClInclude>
    <ClInclude Include="MAGE\src\audio\audio.hpp">
      <Filter>Header Files\audio</Filter>
    </ClInclude>
    <ClInclude Include="MAGE\src\audio\sound.hpp">
      <Filter>Header Files\audio</Filter>
    </ClInclude>
    <ClInclude Include="MAGE\src\audio\sound_system.hpp">
      <Filter>Header Files\audio</Filter>
    </ClInclude>
    <ClInclude Include="MAGE\src\io\device_enumeration.hpp">
      <Filter>Header Files\io</Filter>
    </ClInclude>
    <ClInclude Include="MAGE\src\io\window.hpp">
      <Filter>Header Files\io</Filter>
    </ClInclude>
    <ClInclude Include="MAGE\src\io\font.hpp">
      <Filter>Header Files\io</Filter>
    </ClInclude>
    <ClInclude Include="MAGE\src\io\graphics_manager.hpp">
      <Filter>Header Files\io</Filter>
    </ClInclude>
    <ClInclude Include="MAGE\src\io\graphics_settings.hpp">
      <Filter>Header Files\io</Filter>
    </ClInclude>
    <ClInclude Include="MAGE\src\scripting\variable_script.hpp">
      <Filter>Header Files\scripting</Filter>
    </ClInclude>
  </ItemGroup>
  <ItemGroup>
    <ClCompile Include="MAGE\src\core\engine.cpp">
      <Filter>Source Files\core</Filter>
    </ClCompile>
    <ClCompile Include="MAGE\src\parallel\lock.cpp">
      <Filter>Source Files\parallel</Filter>
    </ClCompile>
    <ClCompile Include="MAGE\src\parallel\task.cpp">
      <Filter>Source Files\parallel</Filter>
    </ClCompile>
    <ClCompile Include="MAGE\src\io\input.cpp">
      <Filter>Source Files\io</Filter>
    </ClCompile>
    <ClCompile Include="MAGE\src\state\state_manager.cpp">
      <Filter>Source Files\state</Filter>
    </ClCompile>
    <ClCompile Include="MAGE\src\logging\error.cpp">
      <Filter>Source Files\logging</Filter>
    </ClCompile>
    <ClCompile Include="MAGE\src\logging\progressreporter.cpp">
      <Filter>Source Files\logging</Filter>
    </ClCompile>
    <ClCompile Include="MAGE\src\logging\timer.cpp">
      <Filter>Source Files\logging</Filter>
    </ClCompile>
    <ClCompile Include="MAGE\src\io\device_enumeration.cpp">
      <Filter>Source Files\io</Filter>
    </ClCompile>
    <ClCompile Include="MAGE\src\io\window.cpp">
      <Filter>Source Files\io</Filter>
    </ClCompile>
    <ClCompile Include="MAGE\src\io\graphics_manager.cpp">
      <Filter>Source Files\io</Filter>
    </ClCompile>
    <ClCompile Include="MAGE\src\scripting\variable_script.cpp">
      <Filter>Source Files\scripting</Filter>
    </ClCompile>
    <ClCompile Include="MAGE\src\io\font.cpp">
      <Filter>Source Files\io</Filter>
    </ClCompile>
  </ItemGroup>
</Project>