
Microsoft Visual Studio Solution File, Format Version 12.00
# Visual Studio 15
VisualStudioVersion = 15.0.27004.2002
MinimumVisualStudioVersion = 10.0.40219.1
Project("{8BC9CEB8-8B4A-11D0-8D11-00A0C91BC942}") = "MAGE", "MAGE.vcxproj", "{28DC5FAC-C856-43E1-828E-BEAA8A0E2CE4}"
EndProject
Project("{8BC9CEB8-8B4A-11D0-8D11-00A0C91BC942}") = "FPS", "FPS.vcxproj", "{D39C1F4F-089B-4306-B1EF-513096942C28}"
EndProject
Global
	GlobalSection(SolutionConfigurationPlatforms) = preSolution
		Debug|Any CPU = Debug|Any CPU
		Debug|x64 = Debug|x64
		Debug|x86 = Debug|x86
		Release|Any CPU = Release|Any CPU
		Release|x64 = Release|x64
		Release|x86 = Release|x86
	EndGlobalSection
	GlobalSection(ProjectConfigurationPlatforms) = postSolution
		{28DC5FAC-C856-43E1-828E-BEAA8A0E2CE4}.Debug|Any CPU.ActiveCfg = Debug|Win32
		{28DC5FAC-C856-43E1-828E-BEAA8A0E2CE4}.Debug|x64.ActiveCfg = Debug|x64
		{28DC5FAC-C856-43E1-828E-BEAA8A0E2CE4}.Debug|x64.Build.0 = Debug|x64
		{28DC5FAC-C856-43E1-828E-BEAA8A0E2CE4}.Debug|x86.ActiveCfg = Debug|Win32
		{28DC5FAC-C856-43E1-828E-BEAA8A0E2CE4}.Debug|x86.Build.0 = Debug|Win32
		{28DC5FAC-C856-43E1-828E-BEAA8A0E2CE4}.Release|Any CPU.ActiveCfg = Release|Win32
		{28DC5FAC-C856-43E1-828E-BEAA8A0E2CE4}.Release|x64.ActiveCfg = Release|x64
		{28DC5FAC-C856-43E1-828E-BEAA8A0E2CE4}.Release|x64.Build.0 = Release|x64
		{28DC5FAC-C856-43E1-828E-BEAA8A0E2CE4}.Release|x86.ActiveCfg = Release|Win32
		{28DC5FAC-C856-43E1-828E-BEAA8A0E2CE4}.Release|x86.Build.0 = Release|Win32
		{D39C1F4F-089B-4306-B1EF-513096942C28}.Debug|Any CPU.ActiveCfg = Debug|Win32
		{D39C1F4F-089B-4306-B1EF-513096942C28}.Debug|x64.ActiveCfg = Debug|x64
		{D39C1F4F-089B-4306-B1EF-513096942C28}.Debug|x64.Build.0 = Debug|x64
		{D39C1F4F-089B-4306-B1EF-513096942C28}.Debug|x86.ActiveCfg = Debug|Win32
		{D39C1F4F-089B-4306-B1EF-513096942C28}.Debug|x86.Build.0 = Debug|Win32
		{D39C1F4F-089B-4306-B1EF-513096942C28}.Release|Any CPU.ActiveCfg = Release|Win32
		{D39C1F4F-089B-4306-B1EF-513096942C28}.Release|x64.ActiveCfg = Release|x64
		{D39C1F4F-089B-4306-B1EF-513096942C28}.Release|x64.Build.0 = Release|x64
		{D39C1F4F-089B-4306-B1EF-513096942C28}.Release|x86.ActiveCfg = Release|Win32
		{D39C1F4F-089B-4306-B1EF-513096942C28}.Release|x86.Build.0 = Release|Win32
	EndGlobalSection
	GlobalSection(SolutionProperties) = preSolution
		HideSolutionNode = FALSE
	EndGlobalSection
	GlobalSection(ExtensibilityGlobals) = postSolution
		SolutionGuid = {EC292DCC-85BA-4277-8433-AF237CF603B3}
	EndGlobalSection
EndGlobal
