
Microsoft Visual Studio Solution File, Format Version 12.00
# Visual Studio 15
VisualStudioVersion = 15.0.27130.2036
MinimumVisualStudioVersion = 10.0.40219.1
Project("{8BC9CEB8-8B4A-11D0-8D11-00A0C91BC942}") = "Core", "Core.vcxproj", "{43EEC29A-593D-4598-92F7-325EF4B75428}"
	ProjectSection(ProjectDependencies) = postProject
		{B6FAB106-B50E-4340-9458-146E624420DF} = {B6FAB106-B50E-4340-9458-146E624420DF}
		{E7F1C114-0904-40ED-9E9D-97FD842334C6} = {E7F1C114-0904-40ED-9E9D-97FD842334C6}
		{E7362325-A958-4157-B2B0-AF59925A2690} = {E7362325-A958-4157-B2B0-AF59925A2690}
	EndProjectSection
EndProject
Project("{8BC9CEB8-8B4A-11D0-8D11-00A0C91BC942}") = "Demo", "Demo.vcxproj", "{F23752EB-6784-4E49-B3B9-D195848553DF}"
	ProjectSection(ProjectDependencies) = postProject
		{E7362325-A958-4157-B2B0-AF59925A2690} = {E7362325-A958-4157-B2B0-AF59925A2690}
		{299ADBE0-4C5B-4466-A04A-B45DBD78E39D} = {299ADBE0-4C5B-4466-A04A-B45DBD78E39D}
	EndProjectSection
EndProject
Project("{8BC9CEB8-8B4A-11D0-8D11-00A0C91BC942}") = "ImGui", "ImGui.vcxproj", "{0330E3AA-6BA7-44FF-8B91-2AD562C0770C}"
	ProjectSection(ProjectDependencies) = postProject
		{E7F1C114-0904-40ED-9E9D-97FD842334C6} = {E7F1C114-0904-40ED-9E9D-97FD842334C6}
		{E7362325-A958-4157-B2B0-AF59925A2690} = {E7362325-A958-4157-B2B0-AF59925A2690}
	EndProjectSection
EndProject
Project("{8BC9CEB8-8B4A-11D0-8D11-00A0C91BC942}") = "Input", "Input.vcxproj", "{52FE3AC1-DA44-4E0C-A79E-1507FE0EB625}"
	ProjectSection(ProjectDependencies) = postProject
		{B6FAB106-B50E-4340-9458-146E624420DF} = {B6FAB106-B50E-4340-9458-146E624420DF}
		{E7F1C114-0904-40ED-9E9D-97FD842334C6} = {E7F1C114-0904-40ED-9E9D-97FD842334C6}
		{E7362325-A958-4157-B2B0-AF59925A2690} = {E7362325-A958-4157-B2B0-AF59925A2690}
		{43EEC29A-593D-4598-92F7-325EF4B75428} = {43EEC29A-593D-4598-92F7-325EF4B75428}
	EndProjectSection
EndProject
Project("{8BC9CEB8-8B4A-11D0-8D11-00A0C91BC942}") = "MAGE", "MAGE.vcxproj", "{28DC5FAC-C856-43E1-828E-BEAA8A0E2CE4}"
	ProjectSection(ProjectDependencies) = postProject
		{B6FAB106-B50E-4340-9458-146E624420DF} = {B6FAB106-B50E-4340-9458-146E624420DF}
		{E7F1C114-0904-40ED-9E9D-97FD842334C6} = {E7F1C114-0904-40ED-9E9D-97FD842334C6}
		{E7362325-A958-4157-B2B0-AF59925A2690} = {E7362325-A958-4157-B2B0-AF59925A2690}
		{43EEC29A-593D-4598-92F7-325EF4B75428} = {43EEC29A-593D-4598-92F7-325EF4B75428}
		{0330E3AA-6BA7-44FF-8B91-2AD562C0770C} = {0330E3AA-6BA7-44FF-8B91-2AD562C0770C}
		{52FE3AC1-DA44-4E0C-A79E-1507FE0EB625} = {52FE3AC1-DA44-4E0C-A79E-1507FE0EB625}
		{06C6E5C6-63DF-4C50-9820-3A2FA8F6B88C} = {06C6E5C6-63DF-4C50-9820-3A2FA8F6B88C}
		{299ADBE0-4C5B-4466-A04A-B45DBD78E39D} = {299ADBE0-4C5B-4466-A04A-B45DBD78E39D}
	EndProjectSection
EndProject
Project("{8BC9CEB8-8B4A-11D0-8D11-00A0C91BC942}") = "Math", "Math.vcxproj", "{B6FAB106-B50E-4340-9458-146E624420DF}"
	ProjectSection(ProjectDependencies) = postProject
		{E7F1C114-0904-40ED-9E9D-97FD842334C6} = {E7F1C114-0904-40ED-9E9D-97FD842334C6}
		{E7362325-A958-4157-B2B0-AF59925A2690} = {E7362325-A958-4157-B2B0-AF59925A2690}
	EndProjectSection
EndProject
Project("{8BC9CEB8-8B4A-11D0-8D11-00A0C91BC942}") = "Rendering", "Rendering.vcxproj", "{06C6E5C6-63DF-4C50-9820-3A2FA8F6B88C}"
	ProjectSection(ProjectDependencies) = postProject
		{B6FAB106-B50E-4340-9458-146E624420DF} = {B6FAB106-B50E-4340-9458-146E624420DF}
		{E7F1C114-0904-40ED-9E9D-97FD842334C6} = {E7F1C114-0904-40ED-9E9D-97FD842334C6}
		{E7362325-A958-4157-B2B0-AF59925A2690} = {E7362325-A958-4157-B2B0-AF59925A2690}
		{43EEC29A-593D-4598-92F7-325EF4B75428} = {43EEC29A-593D-4598-92F7-325EF4B75428}
		{0330E3AA-6BA7-44FF-8B91-2AD562C0770C} = {0330E3AA-6BA7-44FF-8B91-2AD562C0770C}
		{299ADBE0-4C5B-4466-A04A-B45DBD78E39D} = {299ADBE0-4C5B-4466-A04A-B45DBD78E39D}
	EndProjectSection
EndProject
Project("{8BC9CEB8-8B4A-11D0-8D11-00A0C91BC942}") = "Scripts", "Scripts.vcxproj", "{1C23D59A-7350-48AB-AD25-A5ECCDAE0BAE}"
	ProjectSection(ProjectDependencies) = postProject
		{B6FAB106-B50E-4340-9458-146E624420DF} = {B6FAB106-B50E-4340-9458-146E624420DF}
		{E7F1C114-0904-40ED-9E9D-97FD842334C6} = {E7F1C114-0904-40ED-9E9D-97FD842334C6}
		{E7362325-A958-4157-B2B0-AF59925A2690} = {E7362325-A958-4157-B2B0-AF59925A2690}
		{43EEC29A-593D-4598-92F7-325EF4B75428} = {43EEC29A-593D-4598-92F7-325EF4B75428}
		{0330E3AA-6BA7-44FF-8B91-2AD562C0770C} = {0330E3AA-6BA7-44FF-8B91-2AD562C0770C}
		{28DC5FAC-C856-43E1-828E-BEAA8A0E2CE4} = {28DC5FAC-C856-43E1-828E-BEAA8A0E2CE4}
		{52FE3AC1-DA44-4E0C-A79E-1507FE0EB625} = {52FE3AC1-DA44-4E0C-A79E-1507FE0EB625}
		{06C6E5C6-63DF-4C50-9820-3A2FA8F6B88C} = {06C6E5C6-63DF-4C50-9820-3A2FA8F6B88C}
		{299ADBE0-4C5B-4466-A04A-B45DBD78E39D} = {299ADBE0-4C5B-4466-A04A-B45DBD78E39D}
	EndProjectSection
EndProject
Project("{8BC9CEB8-8B4A-11D0-8D11-00A0C91BC942}") = "Shaders", "Shaders.vcxproj", "{299ADBE0-4C5B-4466-A04A-B45DBD78E39D}"
EndProject
Project("{8BC9CEB8-8B4A-11D0-8D11-00A0C91BC942}") = "Utilities", "Utilities.vcxproj", "{E7F1C114-0904-40ED-9E9D-97FD842334C6}"
EndProject
Project("{8BC9CEB8-8B4A-11D0-8D11-00A0C91BC942}") = "fmt", "fmt.vcxproj", "{E7362325-A958-4157-B2B0-AF59925A2690}"
EndProject
Global
	GlobalSection(SolutionConfigurationPlatforms) = preSolution
		Debug|Any CPU = Debug|Any CPU
		Debug|x64 = Debug|x64
		Debug|x86 = Debug|x86
		Release|Any CPU = Release|Any CPU
		Release|x64 = Release|x64
		Release|x86 = Release|x86
	EndGlobalSection
	GlobalSection(ProjectConfigurationPlatforms) = postSolution
		{43EEC29A-593D-4598-92F7-325EF4B75428}.Debug|Any CPU.ActiveCfg = Debug|Win32
		{43EEC29A-593D-4598-92F7-325EF4B75428}.Debug|x64.ActiveCfg = Debug|x64
		{43EEC29A-593D-4598-92F7-325EF4B75428}.Debug|x64.Build.0 = Debug|x64
		{43EEC29A-593D-4598-92F7-325EF4B75428}.Debug|x86.ActiveCfg = Debug|Win32
		{43EEC29A-593D-4598-92F7-325EF4B75428}.Debug|x86.Build.0 = Debug|Win32
		{43EEC29A-593D-4598-92F7-325EF4B75428}.Release|Any CPU.ActiveCfg = Debug|Win32
		{43EEC29A-593D-4598-92F7-325EF4B75428}.Release|x64.ActiveCfg = Release|x64
		{43EEC29A-593D-4598-92F7-325EF4B75428}.Release|x64.Build.0 = Release|x64
		{43EEC29A-593D-4598-92F7-325EF4B75428}.Release|x86.ActiveCfg = Release|Win32
		{43EEC29A-593D-4598-92F7-325EF4B75428}.Release|x86.Build.0 = Release|Win32
		{F23752EB-6784-4E49-B3B9-D195848553DF}.Debug|Any CPU.ActiveCfg = Debug|Win32
		{F23752EB-6784-4E49-B3B9-D195848553DF}.Debug|x64.ActiveCfg = Debug|x64
		{F23752EB-6784-4E49-B3B9-D195848553DF}.Debug|x64.Build.0 = Debug|x64
		{F23752EB-6784-4E49-B3B9-D195848553DF}.Debug|x86.ActiveCfg = Debug|Win32
		{F23752EB-6784-4E49-B3B9-D195848553DF}.Debug|x86.Build.0 = Debug|Win32
		{F23752EB-6784-4E49-B3B9-D195848553DF}.Release|Any CPU.ActiveCfg = Debug|Win32
		{F23752EB-6784-4E49-B3B9-D195848553DF}.Release|x64.ActiveCfg = Release|x64
		{F23752EB-6784-4E49-B3B9-D195848553DF}.Release|x64.Build.0 = Release|x64
		{F23752EB-6784-4E49-B3B9-D195848553DF}.Release|x86.ActiveCfg = Release|Win32
		{F23752EB-6784-4E49-B3B9-D195848553DF}.Release|x86.Build.0 = Release|Win32
		{0330E3AA-6BA7-44FF-8B91-2AD562C0770C}.Debug|Any CPU.ActiveCfg = Debug|Win32
		{0330E3AA-6BA7-44FF-8B91-2AD562C0770C}.Debug|x64.ActiveCfg = Debug|x64
		{0330E3AA-6BA7-44FF-8B91-2AD562C0770C}.Debug|x64.Build.0 = Debug|x64
		{0330E3AA-6BA7-44FF-8B91-2AD562C0770C}.Debug|x86.ActiveCfg = Debug|Win32
		{0330E3AA-6BA7-44FF-8B91-2AD562C0770C}.Debug|x86.Build.0 = Debug|Win32
		{0330E3AA-6BA7-44FF-8B91-2AD562C0770C}.Release|Any CPU.ActiveCfg = Debug|Win32
		{0330E3AA-6BA7-44FF-8B91-2AD562C0770C}.Release|x64.ActiveCfg = Release|x64
		{0330E3AA-6BA7-44FF-8B91-2AD562C0770C}.Release|x64.Build.0 = Release|x64
		{0330E3AA-6BA7-44FF-8B91-2AD562C0770C}.Release|x86.ActiveCfg = Release|Win32
		{0330E3AA-6BA7-44FF-8B91-2AD562C0770C}.Release|x86.Build.0 = Release|Win32
		{52FE3AC1-DA44-4E0C-A79E-1507FE0EB625}.Debug|Any CPU.ActiveCfg = Debug|Win32
		{52FE3AC1-DA44-4E0C-A79E-1507FE0EB625}.Debug|x64.ActiveCfg = Debug|x64
		{52FE3AC1-DA44-4E0C-A79E-1507FE0EB625}.Debug|x64.Build.0 = Debug|x64
		{52FE3AC1-DA44-4E0C-A79E-1507FE0EB625}.Debug|x86.ActiveCfg = Debug|Win32
		{52FE3AC1-DA44-4E0C-A79E-1507FE0EB625}.Debug|x86.Build.0 = Debug|Win32
		{52FE3AC1-DA44-4E0C-A79E-1507FE0EB625}.Release|Any CPU.ActiveCfg = Debug|Win32
		{52FE3AC1-DA44-4E0C-A79E-1507FE0EB625}.Release|x64.ActiveCfg = Release|x64
		{52FE3AC1-DA44-4E0C-A79E-1507FE0EB625}.Release|x64.Build.0 = Release|x64
		{52FE3AC1-DA44-4E0C-A79E-1507FE0EB625}.Release|x86.ActiveCfg = Release|Win32
		{52FE3AC1-DA44-4E0C-A79E-1507FE0EB625}.Release|x86.Build.0 = Release|Win32
		{28DC5FAC-C856-43E1-828E-BEAA8A0E2CE4}.Debug|Any CPU.ActiveCfg = Debug|Win32
		{28DC5FAC-C856-43E1-828E-BEAA8A0E2CE4}.Debug|x64.ActiveCfg = Debug|x64
		{28DC5FAC-C856-43E1-828E-BEAA8A0E2CE4}.Debug|x64.Build.0 = Debug|x64
		{28DC5FAC-C856-43E1-828E-BEAA8A0E2CE4}.Debug|x86.ActiveCfg = Debug|Win32
		{28DC5FAC-C856-43E1-828E-BEAA8A0E2CE4}.Debug|x86.Build.0 = Debug|Win32
		{28DC5FAC-C856-43E1-828E-BEAA8A0E2CE4}.Release|Any CPU.ActiveCfg = Debug|Win32
		{28DC5FAC-C856-43E1-828E-BEAA8A0E2CE4}.Release|x64.ActiveCfg = Release|x64
		{28DC5FAC-C856-43E1-828E-BEAA8A0E2CE4}.Release|x64.Build.0 = Release|x64
		{28DC5FAC-C856-43E1-828E-BEAA8A0E2CE4}.Release|x86.ActiveCfg = Release|Win32
		{28DC5FAC-C856-43E1-828E-BEAA8A0E2CE4}.Release|x86.Build.0 = Release|Win32
		{B6FAB106-B50E-4340-9458-146E624420DF}.Debug|Any CPU.ActiveCfg = Debug|Win32
		{B6FAB106-B50E-4340-9458-146E624420DF}.Debug|x64.ActiveCfg = Debug|x64
		{B6FAB106-B50E-4340-9458-146E624420DF}.Debug|x64.Build.0 = Debug|x64
		{B6FAB106-B50E-4340-9458-146E624420DF}.Debug|x86.ActiveCfg = Debug|Win32
		{B6FAB106-B50E-4340-9458-146E624420DF}.Debug|x86.Build.0 = Debug|Win32
		{B6FAB106-B50E-4340-9458-146E624420DF}.Release|Any CPU.ActiveCfg = Debug|Win32
		{B6FAB106-B50E-4340-9458-146E624420DF}.Release|x64.ActiveCfg = Release|x64
		{B6FAB106-B50E-4340-9458-146E624420DF}.Release|x64.Build.0 = Release|x64
		{B6FAB106-B50E-4340-9458-146E624420DF}.Release|x86.ActiveCfg = Release|Win32
		{B6FAB106-B50E-4340-9458-146E624420DF}.Release|x86.Build.0 = Release|Win32
		{06C6E5C6-63DF-4C50-9820-3A2FA8F6B88C}.Debug|Any CPU.ActiveCfg = Debug|Win32
		{06C6E5C6-63DF-4C50-9820-3A2FA8F6B88C}.Debug|x64.ActiveCfg = Debug|x64
		{06C6E5C6-63DF-4C50-9820-3A2FA8F6B88C}.Debug|x64.Build.0 = Debug|x64
		{06C6E5C6-63DF-4C50-9820-3A2FA8F6B88C}.Debug|x86.ActiveCfg = Debug|Win32
		{06C6E5C6-63DF-4C50-9820-3A2FA8F6B88C}.Debug|x86.Build.0 = Debug|Win32
		{06C6E5C6-63DF-4C50-9820-3A2FA8F6B88C}.Release|Any CPU.ActiveCfg = Debug|Win32
		{06C6E5C6-63DF-4C50-9820-3A2FA8F6B88C}.Release|x64.ActiveCfg = Release|x64
		{06C6E5C6-63DF-4C50-9820-3A2FA8F6B88C}.Release|x64.Build.0 = Release|x64
		{06C6E5C6-63DF-4C50-9820-3A2FA8F6B88C}.Release|x86.ActiveCfg = Release|Win32
		{06C6E5C6-63DF-4C50-9820-3A2FA8F6B88C}.Release|x86.Build.0 = Release|Win32
		{1C23D59A-7350-48AB-AD25-A5ECCDAE0BAE}.Debug|Any CPU.ActiveCfg = Debug|Win32
		{1C23D59A-7350-48AB-AD25-A5ECCDAE0BAE}.Debug|x64.ActiveCfg = Debug|x64
		{1C23D59A-7350-48AB-AD25-A5ECCDAE0BAE}.Debug|x64.Build.0 = Debug|x64
		{1C23D59A-7350-48AB-AD25-A5ECCDAE0BAE}.Debug|x86.ActiveCfg = Debug|Win32
		{1C23D59A-7350-48AB-AD25-A5ECCDAE0BAE}.Debug|x86.Build.0 = Debug|Win32
		{1C23D59A-7350-48AB-AD25-A5ECCDAE0BAE}.Release|Any CPU.ActiveCfg = Debug|Win32
		{1C23D59A-7350-48AB-AD25-A5ECCDAE0BAE}.Release|x64.ActiveCfg = Release|x64
		{1C23D59A-7350-48AB-AD25-A5ECCDAE0BAE}.Release|x64.Build.0 = Release|x64
		{1C23D59A-7350-48AB-AD25-A5ECCDAE0BAE}.Release|x86.ActiveCfg = Release|Win32
		{1C23D59A-7350-48AB-AD25-A5ECCDAE0BAE}.Release|x86.Build.0 = Release|Win32
		{299ADBE0-4C5B-4466-A04A-B45DBD78E39D}.Debug|Any CPU.ActiveCfg = Debug|Win32
		{299ADBE0-4C5B-4466-A04A-B45DBD78E39D}.Debug|x64.ActiveCfg = Debug|x64
		{299ADBE0-4C5B-4466-A04A-B45DBD78E39D}.Debug|x64.Build.0 = Debug|x64
		{299ADBE0-4C5B-4466-A04A-B45DBD78E39D}.Debug|x86.ActiveCfg = Debug|Win32
		{299ADBE0-4C5B-4466-A04A-B45DBD78E39D}.Debug|x86.Build.0 = Debug|Win32
		{299ADBE0-4C5B-4466-A04A-B45DBD78E39D}.Release|Any CPU.ActiveCfg = Debug|Win32
		{299ADBE0-4C5B-4466-A04A-B45DBD78E39D}.Release|x64.ActiveCfg = Release|x64
		{299ADBE0-4C5B-4466-A04A-B45DBD78E39D}.Release|x64.Build.0 = Release|x64
		{299ADBE0-4C5B-4466-A04A-B45DBD78E39D}.Release|x86.ActiveCfg = Release|Win32
		{299ADBE0-4C5B-4466-A04A-B45DBD78E39D}.Release|x86.Build.0 = Release|Win32
		{E7F1C114-0904-40ED-9E9D-97FD842334C6}.Debug|Any CPU.ActiveCfg = Debug|Win32
		{E7F1C114-0904-40ED-9E9D-97FD842334C6}.Debug|x64.ActiveCfg = Debug|x64
		{E7F1C114-0904-40ED-9E9D-97FD842334C6}.Debug|x64.Build.0 = Debug|x64
		{E7F1C114-0904-40ED-9E9D-97FD842334C6}.Debug|x86.ActiveCfg = Debug|Win32
		{E7F1C114-0904-40ED-9E9D-97FD842334C6}.Debug|x86.Build.0 = Debug|Win32
		{E7F1C114-0904-40ED-9E9D-97FD842334C6}.Release|Any CPU.ActiveCfg = Debug|Win32
		{E7F1C114-0904-40ED-9E9D-97FD842334C6}.Release|x64.ActiveCfg = Release|x64
		{E7F1C114-0904-40ED-9E9D-97FD842334C6}.Release|x64.Build.0 = Release|x64
		{E7F1C114-0904-40ED-9E9D-97FD842334C6}.Release|x86.ActiveCfg = Release|Win32
		{E7F1C114-0904-40ED-9E9D-97FD842334C6}.Release|x86.Build.0 = Release|Win32
		{E7362325-A958-4157-B2B0-AF59925A2690}.Debug|Any CPU.ActiveCfg = Debug|Win32
		{E7362325-A958-4157-B2B0-AF59925A2690}.Debug|x64.ActiveCfg = Debug|x64
		{E7362325-A958-4157-B2B0-AF59925A2690}.Debug|x64.Build.0 = Debug|x64
		{E7362325-A958-4157-B2B0-AF59925A2690}.Debug|x86.ActiveCfg = Debug|Win32
		{E7362325-A958-4157-B2B0-AF59925A2690}.Debug|x86.Build.0 = Debug|Win32
		{E7362325-A958-4157-B2B0-AF59925A2690}.Release|Any CPU.ActiveCfg = Release|Win32
		{E7362325-A958-4157-B2B0-AF59925A2690}.Release|x64.ActiveCfg = Release|x64
		{E7362325-A958-4157-B2B0-AF59925A2690}.Release|x64.Build.0 = Release|x64
		{E7362325-A958-4157-B2B0-AF59925A2690}.Release|x86.ActiveCfg = Release|Win32
		{E7362325-A958-4157-B2B0-AF59925A2690}.Release|x86.Build.0 = Release|Win32
	EndGlobalSection
	GlobalSection(SolutionProperties) = preSolution
		HideSolutionNode = FALSE
	EndGlobalSection
	GlobalSection(ExtensibilityGlobals) = postSolution
		SolutionGuid = {EC292DCC-85BA-4277-8433-AF237CF603B3}
	EndGlobalSection
EndGlobal
