<?xml version="1.0" encoding="utf-8"?>
<Project ToolsVersion="4.0" xmlns="http://schemas.microsoft.com/developer/msbuild/2003">
  <ItemGroup>
    <Filter Include="Header Files">
      <UniqueIdentifier>{93995380-89BD-4b04-88EB-625FBE52EBFB}</UniqueIdentifier>
      <Extensions>h;hh;hpp;tpp;hxx;hm;inl;inc;xsd</Extensions>
    </Filter>
    <Filter Include="Shader Files">
      <UniqueIdentifier>{e60c317d-ad93-4020-88d0-e064af060035}</UniqueIdentifier>
    </Filter>
    <Filter Include="Shader Files\aa">
      <UniqueIdentifier>{a70791a5-1037-4b00-bc79-43aea1dbec03}</UniqueIdentifier>
    </Filter>
    <Filter Include="Shader Files\deferred">
      <UniqueIdentifier>{0dd9dc32-0c6c-474f-94d1-fe9fa7faa5fb}</UniqueIdentifier>
    </Filter>
    <Filter Include="Shader Files\depth">
      <UniqueIdentifier>{4828518e-cdb1-433b-b736-492e942b40ba}</UniqueIdentifier>
    </Filter>
    <Filter Include="Shader Files\forward">
      <UniqueIdentifier>{8c2fd85a-c191-4d27-981c-e90ccce65f06}</UniqueIdentifier>
    </Filter>
    <Filter Include="Shader Files\gbuffer">
      <UniqueIdentifier>{9eccd3a0-b88b-459a-8409-51e3403fc434}</UniqueIdentifier>
    </Filter>
    <Filter Include="Shader Files\miscellaneous">
      <UniqueIdentifier>{3156fa9c-3160-4865-8ea6-11225531f77e}</UniqueIdentifier>
    </Filter>
    <Filter Include="Shader Files\postprocessing">
      <UniqueIdentifier>{5415c5f0-6c44-4baa-b9cc-87936ded931a}</UniqueIdentifier>
    </Filter>
    <Filter Include="Shader Files\primitive">
      <UniqueIdentifier>{d71fead9-f6cd-4d03-8adb-07dd70cc7801}</UniqueIdentifier>
    </Filter>
    <Filter Include="Shader Files\sky">
      <UniqueIdentifier>{1f56ec80-4b93-4834-ab21-831d7b5747ec}</UniqueIdentifier>
    </Filter>
    <Filter Include="Shader Files\sprite">
      <UniqueIdentifier>{8d965df3-3c97-4c5c-b948-04f2d01c76fa}</UniqueIdentifier>
    </Filter>
    <Filter Include="Shader Files\transform">
      <UniqueIdentifier>{57055bc3-7d5d-41cb-9737-b727182ede25}</UniqueIdentifier>
    </Filter>
    <Filter Include="Shader Files\voxelization">
      <UniqueIdentifier>{240ef489-ff1e-4f5c-8394-64ea147d116c}</UniqueIdentifier>
    </Filter>
    <Filter Include="Header Files\aa">
      <UniqueIdentifier>{6c91f705-c4cc-4093-ac03-b144643ff880}</UniqueIdentifier>
    </Filter>
    <Filter Include="Header Files\deferred">
      <UniqueIdentifier>{1f6d4905-4658-4161-a711-180d25170ba9}</UniqueIdentifier>
    </Filter>
    <Filter Include="Header Files\depth">
      <UniqueIdentifier>{39675be7-14dd-4344-a391-ed1ce612aedd}</UniqueIdentifier>
    </Filter>
    <Filter Include="Header Files\forward">
      <UniqueIdentifier>{b3f02ac9-9617-447b-b298-beb85673b66f}</UniqueIdentifier>
    </Filter>
    <Filter Include="Header Files\gbuffer">
      <UniqueIdentifier>{c5c554dc-1b8a-47ab-a66c-53952d164f99}</UniqueIdentifier>
    </Filter>
    <Filter Include="Header Files\miscellaneous">
      <UniqueIdentifier>{7b2ba89f-8fe2-4d50-a2bf-2faf354f272d}</UniqueIdentifier>
    </Filter>
    <Filter Include="Header Files\postprocessing">
      <UniqueIdentifier>{21cb9736-08c0-48fd-8ff3-0bbb563d26cc}</UniqueIdentifier>
    </Filter>
    <Filter Include="Header Files\primitive">
      <UniqueIdentifier>{d66f5f93-7b9d-46c1-89a8-cdf4a8778b95}</UniqueIdentifier>
    </Filter>
    <Filter Include="Header Files\sky">
      <UniqueIdentifier>{3e703c5f-9d22-4e46-83da-30545a2c3c1d}</UniqueIdentifier>
    </Filter>
    <Filter Include="Header Files\sprite">
      <UniqueIdentifier>{2e047655-1d62-40b5-bdd5-86e8e66632fd}</UniqueIdentifier>
    </Filter>
    <Filter Include="Header Files\transform">
      <UniqueIdentifier>{d0bfc10f-1656-46aa-9036-51ce1909bd69}</UniqueIdentifier>
    </Filter>
    <Filter Include="Header Files\voxelization">
      <UniqueIdentifier>{406b7085-b020-4e21-b01b-0dee221f4b7d}</UniqueIdentifier>
    </Filter>
  </ItemGroup>
  <ItemGroup>
    <FxCompile Include="Shaders\shaders\sprite\sprite_PS.hlsl">
      <Filter>Shader Files\sprite</Filter>
    </FxCompile>
    <FxCompile Include="Shaders\shaders\sprite\sprite_VS.hlsl">
      <Filter>Shader Files\sprite</Filter>
    </FxCompile>
    <FxCompile Include="Shaders\shaders\miscellaneous\distance_PS.hlsl">
      <Filter>Shader Files\miscellaneous</Filter>
    </FxCompile>
    <FxCompile Include="Shaders\shaders\miscellaneous\constant_color_texture_PS.hlsl">
      <Filter>Shader Files\miscellaneous</Filter>
    </FxCompile>
    <FxCompile Include="Shaders\shaders\miscellaneous\constant_color_PS.hlsl">
      <Filter>Shader Files\miscellaneous</Filter>
    </FxCompile>
    <FxCompile Include="Shaders\shaders\miscellaneous\shading_normal_PS.hlsl">
      <Filter>Shader Files\miscellaneous</Filter>
    </FxCompile>
    <FxCompile Include="Shaders\shaders\miscellaneous\tsnm_shading_normal_PS.hlsl">
      <Filter>Shader Files\miscellaneous</Filter>
    </FxCompile>
    <FxCompile Include="Shaders\shaders\miscellaneous\shading_normal_VS.hlsl">
      <Filter>Shader Files\miscellaneous</Filter>
    </FxCompile>
    <FxCompile Include="Shaders\shaders\gbuffer\gbuffer_tsnm_PS.hlsl">
      <Filter>Shader Files\gbuffer</Filter>
    </FxCompile>
    <FxCompile Include="Shaders\shaders\gbuffer\gbuffer_PS.hlsl">
      <Filter>Shader Files\gbuffer</Filter>
    </FxCompile>
    <FxCompile Include="Shaders\shaders\depth\depth_transparent_PS.hlsl">
      <Filter>Shader Files\depth</Filter>
    </FxCompile>
    <FxCompile Include="Shaders\shaders\depth\depth_transparent_VS.hlsl">
      <Filter>Shader Files\depth</Filter>
    </FxCompile>
    <FxCompile Include="Shaders\shaders\sky\sky_PS.hlsl">
      <Filter>Shader Files\sky</Filter>
    </FxCompile>
    <FxCompile Include="Shaders\shaders\miscellaneous\back_buffer_PS.hlsl">
      <Filter>Shader Files\miscellaneous</Filter>
    </FxCompile>
    <FxCompile Include="Shaders\shaders\voxelization\voxelization_GS.hlsl">
      <Filter>Shader Files\voxelization</Filter>
    </FxCompile>
    <FxCompile Include="Shaders\shaders\transform\minimal_transform_VS.hlsl">
      <Filter>Shader Files\transform</Filter>
    </FxCompile>
    <FxCompile Include="Shaders\shaders\transform\transform_VS.hlsl">
      <Filter>Shader Files\transform</Filter>
    </FxCompile>
    <FxCompile Include="Shaders\shaders\deferred\deferred_blinn_phong_CS.hlsl">
      <Filter>Shader Files\deferred</Filter>
    </FxCompile>
    <FxCompile Include="Shaders\shaders\deferred\deferred_cook_torrance_CS.hlsl">
      <Filter>Shader Files\deferred</Filter>
    </FxCompile>
    <FxCompile Include="Shaders\shaders\deferred\deferred_emissive_CS.hlsl">
      <Filter>Shader Files\deferred</Filter>
    </FxCompile>
    <FxCompile Include="Shaders\shaders\deferred\deferred_frostbite_CS.hlsl">
      <Filter>Shader Files\deferred</Filter>
    </FxCompile>
    <FxCompile Include="Shaders\shaders\deferred\deferred_lambertian_CS.hlsl">
      <Filter>Shader Files\deferred</Filter>
    </FxCompile>
    <FxCompile Include="Shaders\shaders\deferred\deferred_ward_duer_CS.hlsl">
      <Filter>Shader Files\deferred</Filter>
    </FxCompile>
    <FxCompile Include="Shaders\shaders\forward\forward_blinn_phong_PS.hlsl">
      <Filter>Shader Files\forward</Filter>
    </FxCompile>
    <FxCompile Include="Shaders\shaders\forward\forward_cook_torrance_PS.hlsl">
      <Filter>Shader Files\forward</Filter>
    </FxCompile>
    <FxCompile Include="Shaders\shaders\forward\forward_emissive_PS.hlsl">
      <Filter>Shader Files\forward</Filter>
    </FxCompile>
    <FxCompile Include="Shaders\shaders\forward\forward_frostbite_PS.hlsl">
      <Filter>Shader Files\forward</Filter>
    </FxCompile>
    <FxCompile Include="Shaders\shaders\forward\forward_lambertian_PS.hlsl">
      <Filter>Shader Files\forward</Filter>
    </FxCompile>
    <FxCompile Include="Shaders\shaders\forward\forward_transparent_blinn_phong_PS.hlsl">
      <Filter>Shader Files\forward</Filter>
    </FxCompile>
    <FxCompile Include="Shaders\shaders\forward\forward_transparent_cook_torrance_PS.hlsl">
      <Filter>Shader Files\forward</Filter>
    </FxCompile>
    <FxCompile Include="Shaders\shaders\forward\forward_transparent_emissive_PS.hlsl">
      <Filter>Shader Files\forward</Filter>
    </FxCompile>
    <FxCompile Include="Shaders\shaders\forward\forward_transparent_frostbite_PS.hlsl">
      <Filter>Shader Files\forward</Filter>
    </FxCompile>
    <FxCompile Include="Shaders\shaders\forward\forward_transparent_lambertian_PS.hlsl">
      <Filter>Shader Files\forward</Filter>
    </FxCompile>
    <FxCompile Include="Shaders\shaders\forward\forward_transparent_tsnm_blinn_phong_PS.hlsl">
      <Filter>Shader Files\forward</Filter>
    </FxCompile>
    <FxCompile Include="Shaders\shaders\forward\forward_transparent_tsnm_cook_torrance_PS.hlsl">
      <Filter>Shader Files\forward</Filter>
    </FxCompile>
    <FxCompile Include="Shaders\shaders\forward\forward_transparent_tsnm_frostbite_PS.hlsl">
      <Filter>Shader Files\forward</Filter>
    </FxCompile>
    <FxCompile Include="Shaders\shaders\forward\forward_transparent_tsnm_lambertian_PS.hlsl">
      <Filter>Shader Files\forward</Filter>
    </FxCompile>
    <FxCompile Include="Shaders\shaders\forward\forward_transparent_tsnm_ward_duer_PS.hlsl">
      <Filter>Shader Files\forward</Filter>
    </FxCompile>
    <FxCompile Include="Shaders\shaders\forward\forward_transparent_ward_duer_PS.hlsl">
      <Filter>Shader Files\forward</Filter>
    </FxCompile>
    <FxCompile Include="Shaders\shaders\forward\forward_tsnm_blinn_phong_PS.hlsl">
      <Filter>Shader Files\forward</Filter>
    </FxCompile>
    <FxCompile Include="Shaders\shaders\forward\forward_tsnm_cook_torrance_PS.hlsl">
      <Filter>Shader Files\forward</Filter>
    </FxCompile>
    <FxCompile Include="Shaders\shaders\forward\forward_tsnm_frostbite_PS.hlsl">
      <Filter>Shader Files\forward</Filter>
    </FxCompile>
    <FxCompile Include="Shaders\shaders\forward\forward_tsnm_lambertian_PS.hlsl">
      <Filter>Shader Files\forward</Filter>
    </FxCompile>
    <FxCompile Include="Shaders\shaders\forward\forward_tsnm_ward_duer_PS.hlsl">
      <Filter>Shader Files\forward</Filter>
    </FxCompile>
    <FxCompile Include="Shaders\shaders\forward\forward_ward_duer_PS.hlsl">
      <Filter>Shader Files\forward</Filter>
    </FxCompile>
    <FxCompile Include="Shaders\shaders\primitive\far_fullscreen_triangle_VS.hlsl">
      <Filter>Shader Files\primitive</Filter>
    </FxCompile>
    <FxCompile Include="Shaders\shaders\primitive\near_fullscreen_triangle_VS.hlsl">
      <Filter>Shader Files\primitive</Filter>
    </FxCompile>
    <FxCompile Include="Shaders\shaders\primitive\line_cube_PS.hlsl">
      <Filter>Shader Files\primitive</Filter>
    </FxCompile>
    <FxCompile Include="Shaders\shaders\primitive\line_cube_VS.hlsl">
      <Filter>Shader Files\primitive</Filter>
    </FxCompile>
    <FxCompile Include="Shaders\shaders\sky\sky_VS.hlsl">
      <Filter>Shader Files\sky</Filter>
    </FxCompile>
    <FxCompile Include="Shaders\shaders\aa\ssaa_resolve_CS.hlsl">
      <Filter>Shader Files\aa</Filter>
    </FxCompile>
    <FxCompile Include="Shaders\shaders\aa\msaa_resolve_CS.hlsl">
      <Filter>Shader Files\aa</Filter>
    </FxCompile>
    <FxCompile Include="Shaders\shaders\aa\fxaa_CS.hlsl">
      <Filter>Shader Files\aa</Filter>
    </FxCompile>
    <FxCompile Include="Shaders\shaders\depth\depth_VS.hlsl">
      <Filter>Shader Files\depth</Filter>
    </FxCompile>
    <FxCompile Include="Shaders\shaders\sky\sky_fullscreen_triangle_PS.hlsl">
      <Filter>Shader Files\sky</Filter>
    </FxCompile>
    <FxCompile Include="Shaders\shaders\aa\aa_preprocess_CS.hlsl">
      <Filter>Shader Files\aa</Filter>
    </FxCompile>
    <FxCompile Include="Shaders\shaders\deferred\deferred_msaa_ward_duer_PS.hlsl">
      <Filter>Shader Files\deferred</Filter>
    </FxCompile>
    <FxCompile Include="Shaders\shaders\deferred\deferred_msaa_lambertian_PS.hlsl">
      <Filter>Shader Files\deferred</Filter>
    </FxCompile>
    <FxCompile Include="Shaders\shaders\deferred\deferred_msaa_frostbite_PS.hlsl">
      <Filter>Shader Files\deferred</Filter>
    </FxCompile>
    <FxCompile Include="Shaders\shaders\deferred\deferred_msaa_emissive_PS.hlsl">
      <Filter>Shader Files\deferred</Filter>
    </FxCompile>
    <FxCompile Include="Shaders\shaders\deferred\deferred_msaa_cook_torrance_PS.hlsl">
      <Filter>Shader Files\deferred</Filter>
    </FxCompile>
    <FxCompile Include="Shaders\shaders\deferred\deferred_msaa_blinn_phong_PS.hlsl">
      <Filter>Shader Files\deferred</Filter>
    </FxCompile>
    <FxCompile Include="Shaders\shaders\postprocessing\postprocessing_depth_of_field_CS.hlsl">
      <Filter>Shader Files\postprocessing</Filter>
    </FxCompile>
    <FxCompile Include="Shaders\shaders\voxelization\voxelization.hlsli">
      <Filter>Shader Files\voxelization</Filter>
    </FxCompile>
    <FxCompile Include="Shaders\shaders\voxelization\voxelization_blinn_phong_PS.hlsl">
      <Filter>Shader Files\voxelization</Filter>
    </FxCompile>
    <FxCompile Include="Shaders\shaders\voxelization\voxelization_cook_torrance_PS.hlsl">
      <Filter>Shader Files\voxelization</Filter>
    </FxCompile>
    <FxCompile Include="Shaders\shaders\voxelization\voxelization_frostbite_PS.hlsl">
      <Filter>Shader Files\voxelization</Filter>
    </FxCompile>
    <FxCompile Include="Shaders\shaders\voxelization\voxelization_lambertian_PS.hlsl">
      <Filter>Shader Files\voxelization</Filter>
    </FxCompile>
    <FxCompile Include="Shaders\shaders\voxelization\voxelization_tsnm_blinn_phong_PS.hlsl">
      <Filter>Shader Files\voxelization</Filter>
    </FxCompile>
    <FxCompile Include="Shaders\shaders\voxelization\voxelization_tsnm_cook_torrance_PS.hlsl">
      <Filter>Shader Files\voxelization</Filter>
    </FxCompile>
    <FxCompile Include="Shaders\shaders\voxelization\voxelization_tsnm_frostbite_PS.hlsl">
      <Filter>Shader Files\voxelization</Filter>
    </FxCompile>
    <FxCompile Include="Shaders\shaders\voxelization\voxelization_tsnm_lambertian_PS.hlsl">
      <Filter>Shader Files\voxelization</Filter>
    </FxCompile>
    <FxCompile Include="Shaders\shaders\voxelization\voxelization_tsnm_ward_duer_PS.hlsl">
      <Filter>Shader Files\voxelization</Filter>
    </FxCompile>
    <FxCompile Include="Shaders\shaders\voxelization\voxelization_ward_duer_PS.hlsl">
      <Filter>Shader Files\voxelization</Filter>
    </FxCompile>
    <FxCompile Include="Shaders\shaders\voxelization\voxelization_VS.hlsl">
      <Filter>Shader Files\voxelization</Filter>
    </FxCompile>
    <FxCompile Include="Shaders\shaders\voxelization\voxelization_CS.hlsl">
      <Filter>Shader Files\voxelization</Filter>
    </FxCompile>
    <FxCompile Include="Shaders\shaders\deferred\deferred_msaa_vct_blinn_phong_PS.hlsl">
      <Filter>Shader Files\deferred</Filter>
    </FxCompile>
    <FxCompile Include="Shaders\shaders\deferred\deferred_msaa_vct_cook_torrance_PS.hlsl">
      <Filter>Shader Files\deferred</Filter>
    </FxCompile>
    <FxCompile Include="Shaders\shaders\deferred\deferred_msaa_vct_frostbite_PS.hlsl">
      <Filter>Shader Files\deferred</Filter>
    </FxCompile>
    <FxCompile Include="Shaders\shaders\deferred\deferred_msaa_vct_lambertian_PS.hlsl">
      <Filter>Shader Files\deferred</Filter>
    </FxCompile>
    <FxCompile Include="Shaders\shaders\deferred\deferred_msaa_vct_ward_duer_PS.hlsl">
      <Filter>Shader Files\deferred</Filter>
    </FxCompile>
    <FxCompile Include="Shaders\shaders\deferred\deferred_vct_blinn_phong_CS.hlsl">
      <Filter>Shader Files\deferred</Filter>
    </FxCompile>
    <FxCompile Include="Shaders\shaders\deferred\deferred_vct_cook_torrance_CS.hlsl">
      <Filter>Shader Files\deferred</Filter>
    </FxCompile>
    <FxCompile Include="Shaders\shaders\deferred\deferred_vct_frostbite_CS.hlsl">
      <Filter>Shader Files\deferred</Filter>
    </FxCompile>
    <FxCompile Include="Shaders\shaders\deferred\deferred_vct_lambertian_CS.hlsl">
      <Filter>Shader Files\deferred</Filter>
    </FxCompile>
    <FxCompile Include="Shaders\shaders\deferred\deferred_vct_ward_duer_CS.hlsl">
      <Filter>Shader Files\deferred</Filter>
    </FxCompile>
    <FxCompile Include="Shaders\shaders\forward\forward_transparent_vct_blinn_phong_PS.hlsl">
      <Filter>Shader Files\forward</Filter>
    </FxCompile>
    <FxCompile Include="Shaders\shaders\forward\forward_transparent_vct_cook_torrance_PS.hlsl">
      <Filter>Shader Files\forward</Filter>
    </FxCompile>
    <FxCompile Include="Shaders\shaders\forward\forward_transparent_vct_frostbite_PS.hlsl">
      <Filter>Shader Files\forward</Filter>
    </FxCompile>
    <FxCompile Include="Shaders\shaders\forward\forward_transparent_vct_lambertian_PS.hlsl">
      <Filter>Shader Files\forward</Filter>
    </FxCompile>
    <FxCompile Include="Shaders\shaders\forward\forward_transparent_vct_tsnm_blinn_phong_PS.hlsl">
      <Filter>Shader Files\forward</Filter>
    </FxCompile>
    <FxCompile Include="Shaders\shaders\forward\forward_transparent_vct_tsnm_cook_torrance_PS.hlsl">
      <Filter>Shader Files\forward</Filter>
    </FxCompile>
    <FxCompile Include="Shaders\shaders\forward\forward_transparent_vct_tsnm_frostbite_PS.hlsl">
      <Filter>Shader Files\forward</Filter>
    </FxCompile>
    <FxCompile Include="Shaders\shaders\forward\forward_transparent_vct_tsnm_lambertian_PS.hlsl">
      <Filter>Shader Files\forward</Filter>
    </FxCompile>
    <FxCompile Include="Shaders\shaders\forward\forward_transparent_vct_tsnm_ward_duer_PS.hlsl">
      <Filter>Shader Files\forward</Filter>
    </FxCompile>
    <FxCompile Include="Shaders\shaders\forward\forward_transparent_vct_ward_duer_PS.hlsl">
      <Filter>Shader Files\forward</Filter>
    </FxCompile>
    <FxCompile Include="Shaders\shaders\forward\forward_vct_blinn_phong_PS.hlsl">
      <Filter>Shader Files\forward</Filter>
    </FxCompile>
    <FxCompile Include="Shaders\shaders\forward\forward_vct_cook_torrance_PS.hlsl">
      <Filter>Shader Files\forward</Filter>
    </FxCompile>
    <FxCompile Include="Shaders\shaders\forward\forward_vct_frostbite_PS.hlsl">
      <Filter>Shader Files\forward</Filter>
    </FxCompile>
    <FxCompile Include="Shaders\shaders\forward\forward_vct_lambertian_PS.hlsl">
      <Filter>Shader Files\forward</Filter>
    </FxCompile>
    <FxCompile Include="Shaders\shaders\forward\forward_vct_tsnm_blinn_phong_PS.hlsl">
      <Filter>Shader Files\forward</Filter>
    </FxCompile>
    <FxCompile Include="Shaders\shaders\forward\forward_vct_tsnm_cook_torrance_PS.hlsl">
      <Filter>Shader Files\forward</Filter>
    </FxCompile>
    <FxCompile Include="Shaders\shaders\forward\forward_vct_tsnm_frostbite_PS.hlsl">
      <Filter>Shader Files\forward</Filter>
    </FxCompile>
    <FxCompile Include="Shaders\shaders\forward\forward_vct_tsnm_lambertian_PS.hlsl">
      <Filter>Shader Files\forward</Filter>
    </FxCompile>
    <FxCompile Include="Shaders\shaders\forward\forward_vct_tsnm_ward_duer_PS.hlsl">
      <Filter>Shader Files\forward</Filter>
    </FxCompile>
    <FxCompile Include="Shaders\shaders\forward\forward_vct_ward_duer_PS.hlsl">
      <Filter>Shader Files\forward</Filter>
    </FxCompile>
  </ItemGroup>
  <ItemGroup>
    <None Include="Shaders\shaders\brdf.hlsli">
      <Filter>Shader Files</Filter>
    </None>
    <None Include="Shaders\shaders\light.hlsli">
      <Filter>Shader Files</Filter>
    </None>
    <None Include="Shaders\shaders\lighting.hlsli">
      <Filter>Shader Files</Filter>
    </None>
    <None Include="Shaders\shaders\math.hlsli">
      <Filter>Shader Files</Filter>
    </None>
    <None Include="Shaders\shaders\normal_mapping.hlsli">
      <Filter>Shader Files</Filter>
    </None>
    <None Include="Shaders\shaders\structures.hlsli">
      <Filter>Shader Files</Filter>
    </None>
    <None Include="Shaders\shaders\global.hlsli">
      <Filter>Shader Files</Filter>
    </None>
    <None Include="Shaders\shaders\color.hlsli">
      <Filter>Shader Files</Filter>
    </None>
    <None Include="Shaders\shaders\deferred\deferred_input.hlsli">
      <Filter>Shader Files\deferred</Filter>
    </None>
    <None Include="Shaders\shaders\deferred\deferred.hlsli">
      <Filter>Shader Files\deferred</Filter>
    </None>
    <None Include="Shaders\shaders\forward\forward.hlsli">
      <Filter>Shader Files\forward</Filter>
    </None>
    <None Include="Shaders\shaders\forward\forward_input.hlsli">
      <Filter>Shader Files\forward</Filter>
    </None>
    <None Include="Shaders\shaders\gbuffer\gbuffer.hlsli">
      <Filter>Shader Files\gbuffer</Filter>
    </None>
    <None Include="Shaders\shaders\transform\transform.hlsli">
      <Filter>Shader Files\transform</Filter>
    </None>
    <None Include="Shaders\shaders\primitive\line_cube.hlsli">
      <Filter>Shader Files\primitive</Filter>
    </None>
    <None Include="Shaders\shaders\primitive\fullscreen_triangle.hlsli">
      <Filter>Shader Files\primitive</Filter>
    </None>
    <None Include="Shaders\shaders\primitive\icosphere.hlsli">
      <Filter>Shader Files\primitive</Filter>
    </None>
    <None Include="Shaders\shaders\voxelization\voxel.hlsli">
      <Filter>Shader Files\voxelization</Filter>
    </None>
    <None Include="Shaders\shaders\hlsl_syntax.hlsli">
      <Filter>Shader Files</Filter>
    </None>
    <None Include="Shaders\shaders\aa\ssaa_resolve.hlsli">
      <Filter>Shader Files\aa</Filter>
    </None>
    <None Include="Shaders\shaders\aa\msaa_resolve.hlsli">
      <Filter>Shader Files\aa</Filter>
    </None>
    <None Include="Shaders\shaders\aa\fxaa3_11.hlsli">
      <Filter>Shader Files\aa</Filter>
    </None>
    <None Include="Shaders\shaders\aa\fxaa.hlsli">
      <Filter>Shader Files\aa</Filter>
    </None>
    <None Include="Shaders\shaders\tone_mapping.hlsli">
      <Filter>Shader Files</Filter>
    </None>
  </ItemGroup>
  <ItemGroup>
    <ClInclude Include="Shaders\src\hlsl.hpp">
      <Filter>Header Files</Filter>
    </ClInclude>
    <ClInclude Include="Shaders\src\aa\msaa_4x_resolve_CS.hpp">
      <Filter>Header Files\aa</Filter>
    </ClInclude>
    <ClInclude Include="Shaders\src\aa\msaa_8x_resolve_CS.hpp">
      <Filter>Header Files\aa</Filter>
    </ClInclude>
    <ClInclude Include="Shaders\src\aa\msaa_resolve_CS.hpp">
      <Filter>Header Files\aa</Filter>
    </ClInclude>
    <ClInclude Include="Shaders\src\aa\ssaa_2x_resolve_CS.hpp">
      <Filter>Header Files\aa</Filter>
    </ClInclude>
    <ClInclude Include="Shaders\src\aa\ssaa_3x_resolve_CS.hpp">
      <Filter>Header Files\aa</Filter>
    </ClInclude>
    <ClInclude Include="Shaders\src\aa\ssaa_4x_resolve_CS.hpp">
      <Filter>Header Files\aa</Filter>
    </ClInclude>
    <ClInclude Include="Shaders\src\aa\ssaa_resolve_CS.hpp">
      <Filter>Header Files\aa</Filter>
    </ClInclude>
    <ClInclude Include="Shaders\src\aa\aa_preprocess_CS.hpp">
      <Filter>Header Files\aa</Filter>
    </ClInclude>
    <ClInclude Include="Shaders\src\aa\fxaa_CS.hpp">
      <Filter>Header Files\aa</Filter>
    </ClInclude>
    <ClInclude Include="Shaders\src\aa\msaa_2x_resolve_CS.hpp">
      <Filter>Header Files\aa</Filter>
    </ClInclude>
    <ClInclude Include="Shaders\src\deferred\deferred_lambertian_CS.hpp">
      <Filter>Header Files\deferred</Filter>
    </ClInclude>
    <ClInclude Include="Shaders\src\deferred\deferred_msaa_blinn_phong_PS.hpp">
      <Filter>Header Files\deferred</Filter>
    </ClInclude>
    <ClInclude Include="Shaders\src\deferred\deferred_msaa_cook_torrance_PS.hpp">
      <Filter>Header Files\deferred</Filter>
    </ClInclude>
    <ClInclude Include="Shaders\src\deferred\deferred_msaa_emissive_PS.hpp">
      <Filter>Header Files\deferred</Filter>
    </ClInclude>
    <ClInclude Include="Shaders\src\deferred\deferred_msaa_frostbite_PS.hpp">
      <Filter>Header Files\deferred</Filter>
    </ClInclude>
    <ClInclude Include="Shaders\src\deferred\deferred_msaa_lambertian_PS.hpp">
      <Filter>Header Files\deferred</Filter>
    </ClInclude>
    <ClInclude Include="Shaders\src\deferred\deferred_msaa_ward_duer_PS.hpp">
      <Filter>Header Files\deferred</Filter>
    </ClInclude>
    <ClInclude Include="Shaders\src\deferred\deferred_ward_duer_CS.hpp">
      <Filter>Header Files\deferred</Filter>
    </ClInclude>
    <ClInclude Include="Shaders\src\deferred\deferred_blinn_phong_CS.hpp">
      <Filter>Header Files\deferred</Filter>
    </ClInclude>
    <ClInclude Include="Shaders\src\deferred\deferred_cook_torrance_CS.hpp">
      <Filter>Header Files\deferred</Filter>
    </ClInclude>
    <ClInclude Include="Shaders\src\deferred\deferred_emissive_CS.hpp">
      <Filter>Header Files\deferred</Filter>
    </ClInclude>
    <ClInclude Include="Shaders\src\deferred\deferred_frostbite_CS.hpp">
      <Filter>Header Files\deferred</Filter>
    </ClInclude>
    <ClInclude Include="Shaders\src\depth\depth_transparent_PS.hpp">
      <Filter>Header Files\depth</Filter>
    </ClInclude>
    <ClInclude Include="Shaders\src\depth\depth_transparent_VS.hpp">
      <Filter>Header Files\depth</Filter>
    </ClInclude>
    <ClInclude Include="Shaders\src\depth\depth_VS.hpp">
      <Filter>Header Files\depth</Filter>
    </ClInclude>
    <ClInclude Include="Shaders\src\forward\forward_blinn_phong_PS.hpp">
      <Filter>Header Files\forward</Filter>
    </ClInclude>
    <ClInclude Include="Shaders\src\forward\forward_cook_torrance_PS.hpp">
      <Filter>Header Files\forward</Filter>
    </ClInclude>
    <ClInclude Include="Shaders\src\forward\forward_emissive_PS.hpp">
      <Filter>Header Files\forward</Filter>
    </ClInclude>
    <ClInclude Include="Shaders\src\forward\forward_frostbite_PS.hpp">
      <Filter>Header Files\forward</Filter>
    </ClInclude>
    <ClInclude Include="Shaders\src\forward\forward_lambertian_PS.hpp">
      <Filter>Header Files\forward</Filter>
    </ClInclude>
    <ClInclude Include="Shaders\src\forward\forward_transparent_blinn_phong_PS.hpp">
      <Filter>Header Files\forward</Filter>
    </ClInclude>
    <ClInclude Include="Shaders\src\forward\forward_transparent_cook_torrance_PS.hpp">
      <Filter>Header Files\forward</Filter>
    </ClInclude>
    <ClInclude Include="Shaders\src\forward\forward_transparent_emissive_PS.hpp">
      <Filter>Header Files\forward</Filter>
    </ClInclude>
    <ClInclude Include="Shaders\src\forward\forward_transparent_frostbite_PS.hpp">
      <Filter>Header Files\forward</Filter>
    </ClInclude>
    <ClInclude Include="Shaders\src\forward\forward_transparent_lambertian_PS.hpp">
      <Filter>Header Files\forward</Filter>
    </ClInclude>
    <ClInclude Include="Shaders\src\forward\forward_transparent_tsnm_blinn_phong_PS.hpp">
      <Filter>Header Files\forward</Filter>
    </ClInclude>
    <ClInclude Include="Shaders\src\forward\forward_transparent_tsnm_cook_torrance_PS.hpp">
      <Filter>Header Files\forward</Filter>
    </ClInclude>
    <ClInclude Include="Shaders\src\forward\forward_transparent_tsnm_frostbite_PS.hpp">
      <Filter>Header Files\forward</Filter>
    </ClInclude>
    <ClInclude Include="Shaders\src\forward\forward_transparent_tsnm_lambertian_PS.hpp">
      <Filter>Header Files\forward</Filter>
    </ClInclude>
    <ClInclude Include="Shaders\src\forward\forward_transparent_tsnm_ward_duer_PS.hpp">
      <Filter>Header Files\forward</Filter>
    </ClInclude>
    <ClInclude Include="Shaders\src\forward\forward_transparent_ward_duer_PS.hpp">
      <Filter>Header Files\forward</Filter>
    </ClInclude>
    <ClInclude Include="Shaders\src\forward\forward_tsnm_blinn_phong_PS.hpp">
      <Filter>Header Files\forward</Filter>
    </ClInclude>
    <ClInclude Include="Shaders\src\forward\forward_tsnm_cook_torrance_PS.hpp">
      <Filter>Header Files\forward</Filter>
    </ClInclude>
    <ClInclude Include="Shaders\src\forward\forward_tsnm_frostbite_PS.hpp">
      <Filter>Header Files\forward</Filter>
    </ClInclude>
    <ClInclude Include="Shaders\src\forward\forward_tsnm_lambertian_PS.hpp">
      <Filter>Header Files\forward</Filter>
    </ClInclude>
    <ClInclude Include="Shaders\src\forward\forward_tsnm_ward_duer_PS.hpp">
      <Filter>Header Files\forward</Filter>
    </ClInclude>
    <ClInclude Include="Shaders\src\forward\forward_ward_duer_PS.hpp">
      <Filter>Header Files\forward</Filter>
    </ClInclude>
    <ClInclude Include="Shaders\src\gbuffer\gbuffer_PS.hpp">
      <Filter>Header Files\gbuffer</Filter>
    </ClInclude>
    <ClInclude Include="Shaders\src\gbuffer\gbuffer_tsnm_PS.hpp">
      <Filter>Header Files\gbuffer</Filter>
    </ClInclude>
    <ClInclude Include="Shaders\src\miscellaneous\back_buffer_PS.hpp">
      <Filter>Header Files\miscellaneous</Filter>
    </ClInclude>
    <ClInclude Include="Shaders\src\miscellaneous\constant_color_PS.hpp">
      <Filter>Header Files\miscellaneous</Filter>
    </ClInclude>
    <ClInclude Include="Shaders\src\miscellaneous\constant_color_texture_PS.hpp">
      <Filter>Header Files\miscellaneous</Filter>
    </ClInclude>
    <ClInclude Include="Shaders\src\miscellaneous\distance_PS.hpp">
      <Filter>Header Files\miscellaneous</Filter>
    </ClInclude>
    <ClInclude Include="Shaders\src\miscellaneous\shading_normal_PS.hpp">
      <Filter>Header Files\miscellaneous</Filter>
    </ClInclude>
    <ClInclude Include="Shaders\src\miscellaneous\shading_normal_VS.hpp">
      <Filter>Header Files\miscellaneous</Filter>
    </ClInclude>
    <ClInclude Include="Shaders\src\miscellaneous\tsnm_shading_normal_PS.hpp">
      <Filter>Header Files\miscellaneous</Filter>
    </ClInclude>
    <ClInclude Include="Shaders\src\postprocessing\postprocessing_depth_of_field_CS.hpp">
      <Filter>Header Files\postprocessing</Filter>
    </ClInclude>
    <ClInclude Include="Shaders\src\primitive\far_fullscreen_triangle_VS.hpp">
      <Filter>Header Files\primitive</Filter>
    </ClInclude>
    <ClInclude Include="Shaders\src\primitive\line_cube_PS.hpp">
      <Filter>Header Files\primitive</Filter>
    </ClInclude>
    <ClInclude Include="Shaders\src\primitive\line_cube_VS.hpp">
      <Filter>Header Files\primitive</Filter>
    </ClInclude>
    <ClInclude Include="Shaders\src\primitive\near_fullscreen_triangle_VS.hpp">
      <Filter>Header Files\primitive</Filter>
    </ClInclude>
    <ClInclude Include="Shaders\src\sky\sky_fullscreen_triangle_PS.hpp">
      <Filter>Header Files\sky</Filter>
    </ClInclude>
    <ClInclude Include="Shaders\src\sky\sky_PS.hpp">
      <Filter>Header Files\sky</Filter>
    </ClInclude>
    <ClInclude Include="Shaders\src\sky\sky_VS.hpp">
      <Filter>Header Files\sky</Filter>
    </ClInclude>
    <ClInclude Include="Shaders\src\sprite\sprite_PS.hpp">
      <Filter>Header Files\sprite</Filter>
    </ClInclude>
    <ClInclude Include="Shaders\src\sprite\sprite_VS.hpp">
      <Filter>Header Files\sprite</Filter>
    </ClInclude>
    <ClInclude Include="Shaders\src\transform\minimal_transform_VS.hpp">
      <Filter>Header Files\transform</Filter>
    </ClInclude>
    <ClInclude Include="Shaders\src\transform\transform_VS.hpp">
      <Filter>Header Files\transform</Filter>
    </ClInclude>
    <ClInclude Include="Shaders\src\voxelization\voxelization_GS.hpp">
      <Filter>Header Files\voxelization</Filter>
    </ClInclude>
    <ClInclude Include="Shaders\src\voxelization\voxelization_blinn_phong_PS.hpp">
      <Filter>Header Files\voxelization</Filter>
    </ClInclude>
    <ClInclude Include="Shaders\src\voxelization\voxelization_cook_torrance_PS.hpp">
      <Filter>Header Files\voxelization</Filter>
    </ClInclude>
    <ClInclude Include="Shaders\src\voxelization\voxelization_frostbite_PS.hpp">
      <Filter>Header Files\voxelization</Filter>
    </ClInclude>
    <ClInclude Include="Shaders\src\voxelization\voxelization_lambertian_PS.hpp">
      <Filter>Header Files\voxelization</Filter>
    </ClInclude>
    <ClInclude Include="Shaders\src\voxelization\voxelization_tsnm_blinn_phong_PS.hpp">
      <Filter>Header Files\voxelization</Filter>
    </ClInclude>
    <ClInclude Include="Shaders\src\voxelization\voxelization_tsnm_cook_torrance_PS.hpp">
      <Filter>Header Files\voxelization</Filter>
    </ClInclude>
    <ClInclude Include="Shaders\src\voxelization\voxelization_tsnm_frostbite_PS.hpp">
      <Filter>Header Files\voxelization</Filter>
    </ClInclude>
    <ClInclude Include="Shaders\src\voxelization\voxelization_tsnm_lambertian_PS.hpp">
      <Filter>Header Files\voxelization</Filter>
    </ClInclude>
    <ClInclude Include="Shaders\src\voxelization\voxelization_tsnm_ward_duer_PS.hpp">
      <Filter>Header Files\voxelization</Filter>
    </ClInclude>
    <ClInclude Include="Shaders\src\voxelization\voxelization_ward_duer_PS.hpp">
      <Filter>Header Files\voxelization</Filter>
    </ClInclude>
  </ItemGroup>
</Project>